// !$*UTF8*$!
{
	archiveVersion = 1;
	classes = {
	};
	objectVersion = 46;
	objects = {

/* Begin PBXBuildFile section */
		D103B2DA19C744BE0019AE0C /* imgRefresh08.png in Resources */ = {isa = PBXBuildFile; fileRef = D103B2D919C744BE0019AE0C /* imgRefresh08.png */; };
		D103B2DC19C772710019AE0C /* tabAlert01@2x.png in Resources */ = {isa = PBXBuildFile; fileRef = D103B2DB19C772710019AE0C /* tabAlert01@2x.png */; };
		D103B2DE19C772BC0019AE0C /* tabAlert02@2x.png in Resources */ = {isa = PBXBuildFile; fileRef = D103B2DD19C772BC0019AE0C /* tabAlert02@2x.png */; };
		D103B2E319C90BFC0019AE0C /* Security.framework in Frameworks */ = {isa = PBXBuildFile; fileRef = D103B2E219C90BFC0019AE0C /* Security.framework */; };
		D103B2E519C90C080019AE0C /* StoreKit.framework in Frameworks */ = {isa = PBXBuildFile; fileRef = D103B2E419C90C080019AE0C /* StoreKit.framework */; };
		D12620A719CE1C4300F15673 /* LandingImages_Screen4.png in Resources */ = {isa = PBXBuildFile; fileRef = D12620A419CE1C4300F15673 /* LandingImages_Screen4.png */; };
		D12620A819CE1C4300F15673 /* LandingImages_Screen3.png in Resources */ = {isa = PBXBuildFile; fileRef = D12620A519CE1C4300F15673 /* LandingImages_Screen3.png */; };
		D12620A919CE1C4300F15673 /* LandingImages_Screen2.png in Resources */ = {isa = PBXBuildFile; fileRef = D12620A619CE1C4300F15673 /* LandingImages_Screen2.png */; };
		D12620AB19CE1C4E00F15673 /* LandingImages_Screen1.png in Resources */ = {isa = PBXBuildFile; fileRef = D12620AA19CE1C4E00F15673 /* LandingImages_Screen1.png */; };
		D12620AD19CE355D00F15673 /* imgLeftArrow01.png in Resources */ = {isa = PBXBuildFile; fileRef = D12620AC19CE355D00F15673 /* imgLeftArrow01.png */; };
		D12620AE19CF363F00F15673 /* GoogleMaps.framework in Resources */ = {isa = PBXBuildFile; fileRef = D173014119CCD37000CF6027 /* GoogleMaps.framework */; };
		D12620B019CF370000F15673 /* GoogleMaps.bundle in Resources */ = {isa = PBXBuildFile; fileRef = D12620AF19CF370000F15673 /* GoogleMaps.bundle */; };
		D167DCCA19C2407C0064082D /* imgStaticmap01.png in Resources */ = {isa = PBXBuildFile; fileRef = D167DCC919C2407C0064082D /* imgStaticmap01.png */; };
		D167DCCD19C241030064082D /* cellAlerts.m in Sources */ = {isa = PBXBuildFile; fileRef = D167DCCC19C241030064082D /* cellAlerts.m */; };
		D17300F819CBF1F300CF6027 /* InfiniteScrollPicker.m in Sources */ = {isa = PBXBuildFile; fileRef = D17300F519CBF1F300CF6027 /* InfiniteScrollPicker.m */; };
		D17300F919CBF1F300CF6027 /* UIView+viewController.m in Sources */ = {isa = PBXBuildFile; fileRef = D17300F719CBF1F300CF6027 /* UIView+viewController.m */; };
		D173010119CBF20E00CF6027 /* s1_0.png in Resources */ = {isa = PBXBuildFile; fileRef = D17300FB19CBF20E00CF6027 /* s1_0.png */; };
		D173010219CBF20E00CF6027 /* s1_1.png in Resources */ = {isa = PBXBuildFile; fileRef = D17300FC19CBF20E00CF6027 /* s1_1.png */; };
		D173010319CBF20E00CF6027 /* s1_2.png in Resources */ = {isa = PBXBuildFile; fileRef = D17300FD19CBF20E00CF6027 /* s1_2.png */; };
		D173010419CBF20E00CF6027 /* s1_3.png in Resources */ = {isa = PBXBuildFile; fileRef = D17300FE19CBF20E00CF6027 /* s1_3.png */; };
		D173010519CBF20E00CF6027 /* s1_4.png in Resources */ = {isa = PBXBuildFile; fileRef = D17300FF19CBF20E00CF6027 /* s1_4.png */; };
		D173010619CBF20E00CF6027 /* s1_5.png in Resources */ = {isa = PBXBuildFile; fileRef = D173010019CBF20E00CF6027 /* s1_5.png */; };
		D173010C19CBFD4000CF6027 /* __s1_2.png in Resources */ = {isa = PBXBuildFile; fileRef = D173010719CBFD4000CF6027 /* __s1_2.png */; };
		D173010D19CBFD4000CF6027 /* disabled01.jpg in Resources */ = {isa = PBXBuildFile; fileRef = D173010819CBFD4000CF6027 /* disabled01.jpg */; };
		D173010E19CBFD4000CF6027 /* __s1_3.jpg in Resources */ = {isa = PBXBuildFile; fileRef = D173010919CBFD4000CF6027 /* __s1_3.jpg */; };
		D173010F19CBFD4000CF6027 /* __s1_0.png in Resources */ = {isa = PBXBuildFile; fileRef = D173010A19CBFD4000CF6027 /* __s1_0.png */; };
		D173011019CBFD4000CF6027 /* __s1_4.png in Resources */ = {isa = PBXBuildFile; fileRef = D173010B19CBFD4000CF6027 /* __s1_4.png */; };
		D173011219CBFD6B00CF6027 /* __s1_1.png in Resources */ = {isa = PBXBuildFile; fileRef = D173011119CBFD6B00CF6027 /* __s1_1.png */; };
		D173011619CC18F500CF6027 /* tabFamily01@2x.png in Resources */ = {isa = PBXBuildFile; fileRef = D173011319CC18F500CF6027 /* tabFamily01@2x.png */; };
		D173011719CC18F500CF6027 /* tabRiskZones01@2x.png in Resources */ = {isa = PBXBuildFile; fileRef = D173011419CC18F500CF6027 /* tabRiskZones01@2x.png */; };
		D173011819CC18F500CF6027 /* tabRiskZones02@2x.png in Resources */ = {isa = PBXBuildFile; fileRef = D173011519CC18F500CF6027 /* tabRiskZones02@2x.png */; };
		D173011A19CC78DA00CF6027 /* tabRiskZones03@2x.png in Resources */ = {isa = PBXBuildFile; fileRef = D173011919CC78DA00CF6027 /* tabRiskZones03@2x.png */; };
		D173012019CC8B1700CF6027 /* 1_Man.png in Resources */ = {isa = PBXBuildFile; fileRef = D173011B19CC8B1700CF6027 /* 1_Man.png */; };
		D173012119CC8B1700CF6027 /* 2_Woman.png in Resources */ = {isa = PBXBuildFile; fileRef = D173011C19CC8B1700CF6027 /* 2_Woman.png */; };
		D173012219CC8B1700CF6027 /* 3_Kid.png in Resources */ = {isa = PBXBuildFile; fileRef = D173011D19CC8B1700CF6027 /* 3_Kid.png */; };
		D173012319CC8B1700CF6027 /* 4_Pregnant.png in Resources */ = {isa = PBXBuildFile; fileRef = D173011E19CC8B1700CF6027 /* 4_Pregnant.png */; };
		D173012419CC8B1700CF6027 /* 5_Handicap.png in Resources */ = {isa = PBXBuildFile; fileRef = D173011F19CC8B1700CF6027 /* 5_Handicap.png */; };
		D173012619CC8FDD00CF6027 /* imgWarning01.png in Resources */ = {isa = PBXBuildFile; fileRef = D173012519CC8FDD00CF6027 /* imgWarning01.png */; };
		D173012919CCB50C00CF6027 /* icon__squarewhite120x120.png in Resources */ = {isa = PBXBuildFile; fileRef = D173012719CCB50C00CF6027 /* icon__squarewhite120x120.png */; };
		D173012A19CCB50C00CF6027 /* icon__squarewhite180x180.png in Resources */ = {isa = PBXBuildFile; fileRef = D173012819CCB50C00CF6027 /* icon__squarewhite180x180.png */; };
		D173013619CCC7C500CF6027 /* icon__squarewhite40x40.png in Resources */ = {isa = PBXBuildFile; fileRef = D173012D19CCC7C500CF6027 /* icon__squarewhite40x40.png */; };
		D173013719CCC7C500CF6027 /* icon__squarewhite48x48.png in Resources */ = {isa = PBXBuildFile; fileRef = D173012E19CCC7C500CF6027 /* icon__squarewhite48x48.png */; };
		D173013819CCC7C500CF6027 /* icon__squarewhite58x58.png in Resources */ = {isa = PBXBuildFile; fileRef = D173012F19CCC7C500CF6027 /* icon__squarewhite58x58.png */; };
		D173013919CCC7C500CF6027 /* icon__squarewhite60x60.png in Resources */ = {isa = PBXBuildFile; fileRef = D173013019CCC7C500CF6027 /* icon__squarewhite60x60.png */; };
		D173013A19CCC7C500CF6027 /* icon__squarewhite72x72.png in Resources */ = {isa = PBXBuildFile; fileRef = D173013119CCC7C500CF6027 /* icon__squarewhite72x72.png */; };
		D173013B19CCC7C500CF6027 /* icon__squarewhite76x76.png in Resources */ = {isa = PBXBuildFile; fileRef = D173013219CCC7C500CF6027 /* icon__squarewhite76x76.png */; };
		D173013C19CCC7C500CF6027 /* icon__squarewhite80x80.png in Resources */ = {isa = PBXBuildFile; fileRef = D173013319CCC7C500CF6027 /* icon__squarewhite80x80.png */; };
		D173013D19CCC7C500CF6027 /* icon__squarewhite87x87.png in Resources */ = {isa = PBXBuildFile; fileRef = D173013419CCC7C500CF6027 /* icon__squarewhite87x87.png */; };
		D173013E19CCC7C500CF6027 /* icon__squarewhite96x96.png in Resources */ = {isa = PBXBuildFile; fileRef = D173013519CCC7C500CF6027 /* icon__squarewhite96x96.png */; };
		D173014019CCC81E00CF6027 /* icon__squarewhite29x29.png in Resources */ = {isa = PBXBuildFile; fileRef = D173013F19CCC81E00CF6027 /* icon__squarewhite29x29.png */; };
		D173014219CCD37100CF6027 /* GoogleMaps.framework in Frameworks */ = {isa = PBXBuildFile; fileRef = D173014119CCD37000CF6027 /* GoogleMaps.framework */; };
		D173014419CCD39300CF6027 /* AVFoundation.framework in Frameworks */ = {isa = PBXBuildFile; fileRef = D173014319CCD39300CF6027 /* AVFoundation.framework */; };
		D173014619CCD39E00CF6027 /* CoreData.framework in Frameworks */ = {isa = PBXBuildFile; fileRef = D173014519CCD39E00CF6027 /* CoreData.framework */; };
		D173014819CCD3B300CF6027 /* GLKit.framework in Frameworks */ = {isa = PBXBuildFile; fileRef = D173014719CCD3B300CF6027 /* GLKit.framework */; };
		D173014A19CCD3D000CF6027 /* libc++.dylib in Frameworks */ = {isa = PBXBuildFile; fileRef = D173014919CCD3D000CF6027 /* libc++.dylib */; };
		D173014C19CCD3E300CF6027 /* libicucore.dylib in Frameworks */ = {isa = PBXBuildFile; fileRef = D173014B19CCD3E300CF6027 /* libicucore.dylib */; };
		D173014E19CCD3FE00CF6027 /* OpenGLES.framework in Frameworks */ = {isa = PBXBuildFile; fileRef = D173014D19CCD3FE00CF6027 /* OpenGLES.framework */; };
		D173015019CCD41300CF6027 /* SystemConfiguration.framework in Frameworks */ = {isa = PBXBuildFile; fileRef = D173014F19CCD41300CF6027 /* SystemConfiguration.framework */; };
		D173015319CCE09B00CF6027 /* AlertDetails.m in Sources */ = {isa = PBXBuildFile; fileRef = D173015219CCE09B00CF6027 /* AlertDetails.m */; };
		D173015519CCE37C00CF6027 /* tabRiskZone04@2x.png in Resources */ = {isa = PBXBuildFile; fileRef = D173015419CCE37C00CF6027 /* tabRiskZone04@2x.png */; };
		D173015719CCF86C00CF6027 /* tabFamily02@2x.png in Resources */ = {isa = PBXBuildFile; fileRef = D173015619CCF86C00CF6027 /* tabFamily02@2x.png */; };
		D173015919CCF91B00CF6027 /* tabFamily03@2x.png in Resources */ = {isa = PBXBuildFile; fileRef = D173015819CCF91B00CF6027 /* tabFamily03@2x.png */; };
		D173015B19CCF9BD00CF6027 /* icon__512x512.png in Resources */ = {isa = PBXBuildFile; fileRef = D173015A19CCF9BD00CF6027 /* icon__512x512.png */; };
		D173015D19CCFD6300CF6027 /* tabTips01@2x.png in Resources */ = {isa = PBXBuildFile; fileRef = D173015C19CCFD6300CF6027 /* tabTips01@2x.png */; };
		D173015F19CCFE1100CF6027 /* tabTips02@2x.png in Resources */ = {isa = PBXBuildFile; fileRef = D173015E19CCFE1100CF6027 /* tabTips02@2x.png */; };
		D17C9B9D19D0FBC200F9AEBA /* license.txt in Resources */ = {isa = PBXBuildFile; fileRef = D17C9B9C19D0FBC200F9AEBA /* license.txt */; };
		D17C9BA019D1127000F9AEBA /* README.md in Sources */ = {isa = PBXBuildFile; fileRef = D17C9B9E19D1127000F9AEBA /* README.md */; };
		D17C9BA119D1127000F9AEBA /* LICENSE in Resources */ = {isa = PBXBuildFile; fileRef = D17C9B9F19D1127000F9AEBA /* LICENSE */; };
		D18CB2AD19B9056500BEF0EF /* Foundation.framework in Frameworks */ = {isa = PBXBuildFile; fileRef = D18CB2AC19B9056500BEF0EF /* Foundation.framework */; };
		D18CB2AF19B9056500BEF0EF /* CoreGraphics.framework in Frameworks */ = {isa = PBXBuildFile; fileRef = D18CB2AE19B9056500BEF0EF /* CoreGraphics.framework */; };
		D18CB2B119B9056500BEF0EF /* UIKit.framework in Frameworks */ = {isa = PBXBuildFile; fileRef = D18CB2B019B9056500BEF0EF /* UIKit.framework */; };
		D18CB2B719B9056500BEF0EF /* InfoPlist.strings in Resources */ = {isa = PBXBuildFile; fileRef = D18CB2B519B9056500BEF0EF /* InfoPlist.strings */; };
		D18CB2B919B9056500BEF0EF /* main.m in Sources */ = {isa = PBXBuildFile; fileRef = D18CB2B819B9056500BEF0EF /* main.m */; };
		D18CB2BD19B9056500BEF0EF /* AppDelegate.m in Sources */ = {isa = PBXBuildFile; fileRef = D18CB2BC19B9056500BEF0EF /* AppDelegate.m */; };
		D18CB2C019B9056500BEF0EF /* iPhone.storyboard in Resources */ = {isa = PBXBuildFile; fileRef = D18CB2BE19B9056500BEF0EF /* iPhone.storyboard */; };
		D18CB2C319B9056500BEF0EF /* iPad.storyboard in Resources */ = {isa = PBXBuildFile; fileRef = D18CB2C119B9056500BEF0EF /* iPad.storyboard */; };
		D18CB2C619B9056500BEF0EF /* Welcome.m in Sources */ = {isa = PBXBuildFile; fileRef = D18CB2C519B9056500BEF0EF /* Welcome.m */; };
		D18CB2C819B9056500BEF0EF /* Images.xcassets in Resources */ = {isa = PBXBuildFile; fileRef = D18CB2C719B9056500BEF0EF /* Images.xcassets */; };
		D18CB2CF19B9056500BEF0EF /* XCTest.framework in Frameworks */ = {isa = PBXBuildFile; fileRef = D18CB2CE19B9056500BEF0EF /* XCTest.framework */; };
		D18CB2D019B9056500BEF0EF /* Foundation.framework in Frameworks */ = {isa = PBXBuildFile; fileRef = D18CB2AC19B9056500BEF0EF /* Foundation.framework */; };
		D18CB2D119B9056500BEF0EF /* UIKit.framework in Frameworks */ = {isa = PBXBuildFile; fileRef = D18CB2B019B9056500BEF0EF /* UIKit.framework */; };
		D18CB2D919B9056500BEF0EF /* InfoPlist.strings in Resources */ = {isa = PBXBuildFile; fileRef = D18CB2D719B9056500BEF0EF /* InfoPlist.strings */; };
		D18CB2DB19B9056500BEF0EF /* AlertaMXTests.m in Sources */ = {isa = PBXBuildFile; fileRef = D18CB2DA19B9056500BEF0EF /* AlertaMXTests.m */; };
		D18CB2E619B90AAA00BEF0EF /* MediaPlayer.framework in Frameworks */ = {isa = PBXBuildFile; fileRef = D18CB2E519B90AAA00BEF0EF /* MediaPlayer.framework */; };
		D18CB2EA19B90C9E00BEF0EF /* rain01.mp4 in Resources */ = {isa = PBXBuildFile; fileRef = D18CB2E919B90C9E00BEF0EF /* rain01.mp4 */; };
		D18CB2EE19B911DA00BEF0EF /* gifRain01.gif in Resources */ = {isa = PBXBuildFile; fileRef = D18CB2ED19B911DA00BEF0EF /* gifRain01.gif */; };
		D18CB2F319B9139A00BEF0EF /* UIImage+animatedGIF.m in Sources */ = {isa = PBXBuildFile; fileRef = D18CB2F219B9139A00BEF0EF /* UIImage+animatedGIF.m */; };
		D18CB2F519B9269700BEF0EF /* ImageIO.framework in Frameworks */ = {isa = PBXBuildFile; fileRef = D18CB2F419B9269700BEF0EF /* ImageIO.framework */; };
		D18CB2FB19BA23DB00BEF0EF /* OpenSans-Bold.ttf in Resources */ = {isa = PBXBuildFile; fileRef = D18CB2F719BA23DB00BEF0EF /* OpenSans-Bold.ttf */; };
		D18CB2FC19BA23DB00BEF0EF /* OpenSans-Light.ttf in Resources */ = {isa = PBXBuildFile; fileRef = D18CB2F819BA23DB00BEF0EF /* OpenSans-Light.ttf */; };
		D18CB2FD19BA23DB00BEF0EF /* OpenSans-Regular.ttf in Resources */ = {isa = PBXBuildFile; fileRef = D18CB2F919BA23DB00BEF0EF /* OpenSans-Regular.ttf */; };
		D18CB2FE19BA23DB00BEF0EF /* OpenSans-Semibold.ttf in Resources */ = {isa = PBXBuildFile; fileRef = D18CB2FA19BA23DB00BEF0EF /* OpenSans-Semibold.ttf */; };
		D18CB30119BA299A00BEF0EF /* gifVolcano01.gif in Resources */ = {isa = PBXBuildFile; fileRef = D18CB2FF19BA299A00BEF0EF /* gifVolcano01.gif */; };
		D18CB30219BA299A00BEF0EF /* gifTsunami01.gif in Resources */ = {isa = PBXBuildFile; fileRef = D18CB30019BA299A00BEF0EF /* gifTsunami01.gif */; };
		D18CB30919BA6E9C00BEF0EF /* imgGuadalajara01.jpg in Resources */ = {isa = PBXBuildFile; fileRef = D18CB30519BA6E9C00BEF0EF /* imgGuadalajara01.jpg */; };
		D18CB30A19BA6E9C00BEF0EF /* imgInstructions01.jpg in Resources */ = {isa = PBXBuildFile; fileRef = D18CB30619BA6E9C00BEF0EF /* imgInstructions01.jpg */; };
		D18CB30B19BA6E9C00BEF0EF /* imgRescue01.jpg in Resources */ = {isa = PBXBuildFile; fileRef = D18CB30719BA6E9C00BEF0EF /* imgRescue01.jpg */; };
		D18CB30C19BA6E9C00BEF0EF /* imgRescue02.jpg in Resources */ = {isa = PBXBuildFile; fileRef = D18CB30819BA6E9C00BEF0EF /* imgRescue02.jpg */; };
		D18CB30E19BA6F5400BEF0EF /* imgFamily01.jpg in Resources */ = {isa = PBXBuildFile; fileRef = D18CB30D19BA6F5400BEF0EF /* imgFamily01.jpg */; };
		D18CB31119BA780400BEF0EF /* gifRain02.gif in Resources */ = {isa = PBXBuildFile; fileRef = D18CB30F19BA780400BEF0EF /* gifRain02.gif */; };
		D18CB31219BA780400BEF0EF /* gifRain03.gif in Resources */ = {isa = PBXBuildFile; fileRef = D18CB31019BA780400BEF0EF /* gifRain03.gif */; };
		D18CB31E19BA7D0900BEF0EF /* MPAnimation.m in Sources */ = {isa = PBXBuildFile; fileRef = D18CB31519BA7D0900BEF0EF /* MPAnimation.m */; };
		D18CB31F19BA7D0900BEF0EF /* MPFlipTransition.m in Sources */ = {isa = PBXBuildFile; fileRef = D18CB31819BA7D0900BEF0EF /* MPFlipTransition.m */; };
		D18CB32019BA7D0900BEF0EF /* MPTransition.m in Sources */ = {isa = PBXBuildFile; fileRef = D18CB31C19BA7D0900BEF0EF /* MPTransition.m */; };
		D18CB32219BA7D9E00BEF0EF /* QuartzCore.framework in Frameworks */ = {isa = PBXBuildFile; fileRef = D18CB32119BA7D9E00BEF0EF /* QuartzCore.framework */; };
		D18CBD4819C9DDFC0039220B /* CoreLocation.framework in Frameworks */ = {isa = PBXBuildFile; fileRef = D18CBD4719C9DDFC0039220B /* CoreLocation.framework */; };
		D18CBD6319CA99D70039220B /* NSObject+SBJson.m in Sources */ = {isa = PBXBuildFile; fileRef = D18CBD4B19CA99D70039220B /* NSObject+SBJson.m */; };
		D18CBD6419CA99D70039220B /* SBJsonParser.m in Sources */ = {isa = PBXBuildFile; fileRef = D18CBD4E19CA99D70039220B /* SBJsonParser.m */; };
		D18CBD6519CA99D70039220B /* SBJsonStreamParser.m in Sources */ = {isa = PBXBuildFile; fileRef = D18CBD5019CA99D70039220B /* SBJsonStreamParser.m */; };
		D18CBD6619CA99D70039220B /* SBJsonStreamParserAccumulator.m in Sources */ = {isa = PBXBuildFile; fileRef = D18CBD5219CA99D70039220B /* SBJsonStreamParserAccumulator.m */; };
		D18CBD6719CA99D70039220B /* SBJsonStreamParserAdapter.m in Sources */ = {isa = PBXBuildFile; fileRef = D18CBD5419CA99D70039220B /* SBJsonStreamParserAdapter.m */; };
		D18CBD6819CA99D70039220B /* SBJsonStreamParserState.m in Sources */ = {isa = PBXBuildFile; fileRef = D18CBD5619CA99D70039220B /* SBJsonStreamParserState.m */; };
		D18CBD6919CA99D70039220B /* SBJsonStreamWriter.m in Sources */ = {isa = PBXBuildFile; fileRef = D18CBD5819CA99D70039220B /* SBJsonStreamWriter.m */; };
		D18CBD6A19CA99D70039220B /* SBJsonStreamWriterAccumulator.m in Sources */ = {isa = PBXBuildFile; fileRef = D18CBD5A19CA99D70039220B /* SBJsonStreamWriterAccumulator.m */; };
		D18CBD6B19CA99D70039220B /* SBJsonStreamWriterState.m in Sources */ = {isa = PBXBuildFile; fileRef = D18CBD5C19CA99D70039220B /* SBJsonStreamWriterState.m */; };
		D18CBD6C19CA99D70039220B /* SBJsonTokeniser.m in Sources */ = {isa = PBXBuildFile; fileRef = D18CBD5E19CA99D70039220B /* SBJsonTokeniser.m */; };
		D18CBD6D19CA99D70039220B /* SBJsonUTF8Stream.m in Sources */ = {isa = PBXBuildFile; fileRef = D18CBD6019CA99D70039220B /* SBJsonUTF8Stream.m */; };
		D18CBD6E19CA99D70039220B /* SBJsonWriter.m in Sources */ = {isa = PBXBuildFile; fileRef = D18CBD6219CA99D70039220B /* SBJsonWriter.m */; };
		D18CBD7019CA9A3B0039220B /* MobileCoreServices.framework in Frameworks */ = {isa = PBXBuildFile; fileRef = D18CBD6F19CA9A3B0039220B /* MobileCoreServices.framework */; };
		D194639F19CAB78C008EA90E /* Pushwoosh.framework in Frameworks */ = {isa = PBXBuildFile; fileRef = D14F387E19CAA22A0058118C /* Pushwoosh.framework */; };
		D19D588519BCEA7300414C96 /* IntroPages.m in Sources */ = {isa = PBXBuildFile; fileRef = D19D588419BCEA7300414C96 /* IntroPages.m */; };
		D19D588819BCEC1F00414C96 /* Start.m in Sources */ = {isa = PBXBuildFile; fileRef = D19D588719BCEC1F00414C96 /* Start.m */; };
		D19D588A19BD3E0300414C96 /* CoreText.framework in Frameworks */ = {isa = PBXBuildFile; fileRef = D19D588919BD3E0300414C96 /* CoreText.framework */; };
		D19D588D19BD49F000414C96 /* imgLogo02.png in Resources */ = {isa = PBXBuildFile; fileRef = D19D588B19BD49F000414C96 /* imgLogo02.png */; };
		D19D588E19BD49F000414C96 /* imgLogo03.png in Resources */ = {isa = PBXBuildFile; fileRef = D19D588C19BD49F000414C96 /* imgLogo03.png */; };
		D19D589119BE47F700414C96 /* Declarations.m in Sources */ = {isa = PBXBuildFile; fileRef = D19D589019BE47F700414C96 /* Declarations.m */; };
		D19D589619BE4A5C00414C96 /* imgAlerts01.jpg in Resources */ = {isa = PBXBuildFile; fileRef = D19D589219BE4A5C00414C96 /* imgAlerts01.jpg */; };
		D19D589719BE4A5C00414C96 /* imgInstructions02.jpg in Resources */ = {isa = PBXBuildFile; fileRef = D19D589319BE4A5C00414C96 /* imgInstructions02.jpg */; };
		D19D589819BE4A5C00414C96 /* imgRescue03.jpg in Resources */ = {isa = PBXBuildFile; fileRef = D19D589419BE4A5C00414C96 /* imgRescue03.jpg */; };
		D19D589919BE4A5C00414C96 /* imgRiskZones01.jpg in Resources */ = {isa = PBXBuildFile; fileRef = D19D589519BE4A5C00414C96 /* imgRiskZones01.jpg */; };
		D19D589C19BF465F00414C96 /* Alerts.m in Sources */ = {isa = PBXBuildFile; fileRef = D19D589B19BF465F00414C96 /* Alerts.m */; };
		D19D589F19BF469100414C96 /* TabBar.m in Sources */ = {isa = PBXBuildFile; fileRef = D19D589E19BF469100414C96 /* TabBar.m */; };
		D19D58A219BF4DF200414C96 /* RiskZones.m in Sources */ = {isa = PBXBuildFile; fileRef = D19D58A119BF4DF200414C96 /* RiskZones.m */; };
		D19D58A519BF4E1A00414C96 /* Instructions.m in Sources */ = {isa = PBXBuildFile; fileRef = D19D58A419BF4E1A00414C96 /* Instructions.m */; };
		D19D58A819BF4E2900414C96 /* Family.m in Sources */ = {isa = PBXBuildFile; fileRef = D19D58A719BF4E2900414C96 /* Family.m */; };
		D19D58AB19BF4E3E00414C96 /* Help.m in Sources */ = {isa = PBXBuildFile; fileRef = D19D58AA19BF4E3E00414C96 /* Help.m */; };
		D19D58AD19BF671D00414C96 /* imgMenu01.png in Resources */ = {isa = PBXBuildFile; fileRef = D19D58AC19BF671D00414C96 /* imgMenu01.png */; };
		D19D58AF19BF6CEC00414C96 /* imgMenu02.png in Resources */ = {isa = PBXBuildFile; fileRef = D19D58AE19BF6CEC00414C96 /* imgMenu02.png */; };
		D19D58B919BF742300414C96 /* TBXML+Compression.m in Sources */ = {isa = PBXBuildFile; fileRef = D19D58B219BF742300414C96 /* TBXML+Compression.m */; };
		D19D58BA19BF742300414C96 /* TBXML+HTTP.m in Sources */ = {isa = PBXBuildFile; fileRef = D19D58B319BF742300414C96 /* TBXML+HTTP.m */; };
		D19D58BB19BF742300414C96 /* TBXML.m in Sources */ = {isa = PBXBuildFile; fileRef = D19D58B419BF742300414C96 /* TBXML.m */; };
		D19D58BD19BF797100414C96 /* libz.dylib in Frameworks */ = {isa = PBXBuildFile; fileRef = D19D58BC19BF797100414C96 /* libz.dylib */; };
		D1B9E53319D087700047590C /* imgSOSicon01.png in Resources */ = {isa = PBXBuildFile; fileRef = D1B9E53219D087700047590C /* imgSOSicon01.png */; };
		D1B9E53719D08B490047590C /* 1_Ok.png in Resources */ = {isa = PBXBuildFile; fileRef = D1B9E53419D08B490047590C /* 1_Ok.png */; };
		D1B9E53819D08B490047590C /* 2_Trapped.png in Resources */ = {isa = PBXBuildFile; fileRef = D1B9E53519D08B490047590C /* 2_Trapped.png */; };
		D1B9E53919D08B490047590C /* 3_MedicalAid.png in Resources */ = {isa = PBXBuildFile; fileRef = D1B9E53619D08B490047590C /* 3_MedicalAid.png */; };
		D1B9E53C19D0BFE20047590C /* cellFamily.m in Sources */ = {isa = PBXBuildFile; fileRef = D1B9E53B19D0BFE20047590C /* cellFamily.m */; };
		D1B9E53E19D0D6AE0047590C /* ic_action_new.png in Resources */ = {isa = PBXBuildFile; fileRef = D1B9E53D19D0D6AE0047590C /* ic_action_new.png */; };
/* End PBXBuildFile section */

/* Begin PBXContainerItemProxy section */
		D18CB2D219B9056500BEF0EF /* PBXContainerItemProxy */ = {
			isa = PBXContainerItemProxy;
			containerPortal = D18CB2A119B9056500BEF0EF /* Project object */;
			proxyType = 1;
			remoteGlobalIDString = D18CB2A819B9056500BEF0EF;
			remoteInfo = AlertaMX;
		};
/* End PBXContainerItemProxy section */

/* Begin PBXFileReference section */
		D103B2D919C744BE0019AE0C /* imgRefresh08.png */ = {isa = PBXFileReference; lastKnownFileType = image.png; path = imgRefresh08.png; sourceTree = "<group>"; };
		D103B2DB19C772710019AE0C /* tabAlert01@2x.png */ = {isa = PBXFileReference; lastKnownFileType = image.png; path = "tabAlert01@2x.png"; sourceTree = "<group>"; };
		D103B2DD19C772BC0019AE0C /* tabAlert02@2x.png */ = {isa = PBXFileReference; lastKnownFileType = image.png; path = "tabAlert02@2x.png"; sourceTree = "<group>"; };
		D103B2E219C90BFC0019AE0C /* Security.framework */ = {isa = PBXFileReference; lastKnownFileType = wrapper.framework; name = Security.framework; path = System/Library/Frameworks/Security.framework; sourceTree = SDKROOT; };
		D103B2E419C90C080019AE0C /* StoreKit.framework */ = {isa = PBXFileReference; lastKnownFileType = wrapper.framework; name = StoreKit.framework; path = System/Library/Frameworks/StoreKit.framework; sourceTree = SDKROOT; };
		D12620A419CE1C4300F15673 /* LandingImages_Screen4.png */ = {isa = PBXFileReference; lastKnownFileType = image.png; path = LandingImages_Screen4.png; sourceTree = "<group>"; };
		D12620A519CE1C4300F15673 /* LandingImages_Screen3.png */ = {isa = PBXFileReference; lastKnownFileType = image.png; path = LandingImages_Screen3.png; sourceTree = "<group>"; };
		D12620A619CE1C4300F15673 /* LandingImages_Screen2.png */ = {isa = PBXFileReference; lastKnownFileType = image.png; path = LandingImages_Screen2.png; sourceTree = "<group>"; };
		D12620AA19CE1C4E00F15673 /* LandingImages_Screen1.png */ = {isa = PBXFileReference; lastKnownFileType = image.png; path = LandingImages_Screen1.png; sourceTree = "<group>"; };
		D12620AC19CE355D00F15673 /* imgLeftArrow01.png */ = {isa = PBXFileReference; lastKnownFileType = image.png; path = imgLeftArrow01.png; sourceTree = "<group>"; };
		D12620AF19CF370000F15673 /* GoogleMaps.bundle */ = {isa = PBXFileReference; lastKnownFileType = "wrapper.plug-in"; name = GoogleMaps.bundle; path = AlertaMX/GoogleMaps/GoogleMaps.framework/Versions/A/Resources/GoogleMaps.bundle; sourceTree = "<group>"; };
		D14F386B19CAA22A0058118C /* PushNotificationManager.html */ = {isa = PBXFileReference; lastKnownFileType = text.html.documentation; path = PushNotificationManager.html; sourceTree = "<group>"; };
		D14F386C19CAA22A0058118C /* PWTags.html */ = {isa = PBXFileReference; lastKnownFileType = text.html.documentation; path = PWTags.html; sourceTree = "<group>"; };
		D14F386E19CAA22A0058118C /* PWBeaconAction.html */ = {isa = PBXFileReference; lastKnownFileType = text.html.documentation; path = PWBeaconAction.html; sourceTree = "<group>"; };
		D14F386F19CAA22A0058118C /* PWSupportedOrientations.html */ = {isa = PBXFileReference; lastKnownFileType = text.html.documentation; path = PWSupportedOrientations.html; sourceTree = "<group>"; };
		D14F387119CAA22A0058118C /* styles.css */ = {isa = PBXFileReference; lastKnownFileType = text.css; path = styles.css; sourceTree = "<group>"; };
		D14F387219CAA22A0058118C /* stylesPrint.css */ = {isa = PBXFileReference; lastKnownFileType = text.css; path = stylesPrint.css; sourceTree = "<group>"; };
		D14F387319CAA22A0058118C /* hierarchy.html */ = {isa = PBXFileReference; lastKnownFileType = text.html.documentation; path = hierarchy.html; sourceTree = "<group>"; };
		D14F387519CAA22A0058118C /* button_bar_background.png */ = {isa = PBXFileReference; lastKnownFileType = image.png; path = button_bar_background.png; sourceTree = "<group>"; };
		D14F387619CAA22A0058118C /* disclosure.png */ = {isa = PBXFileReference; lastKnownFileType = image.png; path = disclosure.png; sourceTree = "<group>"; };
		D14F387719CAA22A0058118C /* disclosure_open.png */ = {isa = PBXFileReference; lastKnownFileType = image.png; path = disclosure_open.png; sourceTree = "<group>"; };
		D14F387819CAA22A0058118C /* library_background.png */ = {isa = PBXFileReference; lastKnownFileType = image.png; path = library_background.png; sourceTree = "<group>"; };
		D14F387919CAA22A0058118C /* title_background.png */ = {isa = PBXFileReference; lastKnownFileType = image.png; path = title_background.png; sourceTree = "<group>"; };
		D14F387A19CAA22A0058118C /* index.html */ = {isa = PBXFileReference; lastKnownFileType = text.html.documentation; path = index.html; sourceTree = "<group>"; };
		D14F387C19CAA22A0058118C /* PushNotificationDelegate.html */ = {isa = PBXFileReference; lastKnownFileType = text.html.documentation; path = PushNotificationDelegate.html; sourceTree = "<group>"; };
		D14F387E19CAA22A0058118C /* Pushwoosh.framework */ = {isa = PBXFileReference; lastKnownFileType = wrapper.framework; path = Pushwoosh.framework; sourceTree = "<group>"; };
		D14F387F19CAA22A0058118C /* LICENSE */ = {isa = PBXFileReference; lastKnownFileType = text; path = LICENSE; sourceTree = "<group>"; };
		D14F388019CAA22A0058118C /* README.md */ = {isa = PBXFileReference; lastKnownFileType = text; path = README.md; sourceTree = "<group>"; };
		D14F388119CAA22A0058118C /* VERSION.md */ = {isa = PBXFileReference; lastKnownFileType = text; path = VERSION.md; sourceTree = "<group>"; };
		D14F388519CAA93A0058118C /* AudioToolbox.framework */ = {isa = PBXFileReference; lastKnownFileType = wrapper.framework; name = AudioToolbox.framework; path = System/Library/Frameworks/AudioToolbox.framework; sourceTree = SDKROOT; };
		D14F388719CAA93F0058118C /* CoreMedia.framework */ = {isa = PBXFileReference; lastKnownFileType = wrapper.framework; name = CoreMedia.framework; path = System/Library/Frameworks/CoreMedia.framework; sourceTree = SDKROOT; };
		D167DCC919C2407C0064082D /* imgStaticmap01.png */ = {isa = PBXFileReference; lastKnownFileType = image.png; path = imgStaticmap01.png; sourceTree = "<group>"; };
		D167DCCB19C241030064082D /* cellAlerts.h */ = {isa = PBXFileReference; fileEncoding = 4; lastKnownFileType = sourcecode.c.h; path = cellAlerts.h; sourceTree = "<group>"; };
		D167DCCC19C241030064082D /* cellAlerts.m */ = {isa = PBXFileReference; fileEncoding = 4; lastKnownFileType = sourcecode.c.objc; path = cellAlerts.m; sourceTree = "<group>"; };
		D17300F419CBF1F300CF6027 /* InfiniteScrollPicker.h */ = {isa = PBXFileReference; fileEncoding = 4; lastKnownFileType = sourcecode.c.h; path = InfiniteScrollPicker.h; sourceTree = "<group>"; };
		D17300F519CBF1F300CF6027 /* InfiniteScrollPicker.m */ = {isa = PBXFileReference; fileEncoding = 4; lastKnownFileType = sourcecode.c.objc; path = InfiniteScrollPicker.m; sourceTree = "<group>"; };
		D17300F619CBF1F300CF6027 /* UIView+viewController.h */ = {isa = PBXFileReference; fileEncoding = 4; lastKnownFileType = sourcecode.c.h; path = "UIView+viewController.h"; sourceTree = "<group>"; };
		D17300F719CBF1F300CF6027 /* UIView+viewController.m */ = {isa = PBXFileReference; fileEncoding = 4; lastKnownFileType = sourcecode.c.objc; path = "UIView+viewController.m"; sourceTree = "<group>"; };
		D17300FB19CBF20E00CF6027 /* s1_0.png */ = {isa = PBXFileReference; lastKnownFileType = image.png; path = s1_0.png; sourceTree = "<group>"; };
		D17300FC19CBF20E00CF6027 /* s1_1.png */ = {isa = PBXFileReference; lastKnownFileType = image.png; path = s1_1.png; sourceTree = "<group>"; };
		D17300FD19CBF20E00CF6027 /* s1_2.png */ = {isa = PBXFileReference; lastKnownFileType = image.png; path = s1_2.png; sourceTree = "<group>"; };
		D17300FE19CBF20E00CF6027 /* s1_3.png */ = {isa = PBXFileReference; lastKnownFileType = image.png; path = s1_3.png; sourceTree = "<group>"; };
		D17300FF19CBF20E00CF6027 /* s1_4.png */ = {isa = PBXFileReference; lastKnownFileType = image.png; path = s1_4.png; sourceTree = "<group>"; };
		D173010019CBF20E00CF6027 /* s1_5.png */ = {isa = PBXFileReference; lastKnownFileType = image.png; path = s1_5.png; sourceTree = "<group>"; };
		D173010719CBFD4000CF6027 /* __s1_2.png */ = {isa = PBXFileReference; lastKnownFileType = image.png; path = __s1_2.png; sourceTree = "<group>"; };
		D173010819CBFD4000CF6027 /* disabled01.jpg */ = {isa = PBXFileReference; lastKnownFileType = image.jpeg; path = disabled01.jpg; sourceTree = "<group>"; };
		D173010919CBFD4000CF6027 /* __s1_3.jpg */ = {isa = PBXFileReference; lastKnownFileType = image.jpeg; path = __s1_3.jpg; sourceTree = "<group>"; };
		D173010A19CBFD4000CF6027 /* __s1_0.png */ = {isa = PBXFileReference; lastKnownFileType = image.png; path = __s1_0.png; sourceTree = "<group>"; };
		D173010B19CBFD4000CF6027 /* __s1_4.png */ = {isa = PBXFileReference; lastKnownFileType = image.png; path = __s1_4.png; sourceTree = "<group>"; };
		D173011119CBFD6B00CF6027 /* __s1_1.png */ = {isa = PBXFileReference; lastKnownFileType = image.png; path = __s1_1.png; sourceTree = "<group>"; };
		D173011319CC18F500CF6027 /* tabFamily01@2x.png */ = {isa = PBXFileReference; lastKnownFileType = image.png; path = "tabFamily01@2x.png"; sourceTree = "<group>"; };
		D173011419CC18F500CF6027 /* tabRiskZones01@2x.png */ = {isa = PBXFileReference; lastKnownFileType = image.png; path = "tabRiskZones01@2x.png"; sourceTree = "<group>"; };
		D173011519CC18F500CF6027 /* tabRiskZones02@2x.png */ = {isa = PBXFileReference; lastKnownFileType = image.png; path = "tabRiskZones02@2x.png"; sourceTree = "<group>"; };
		D173011919CC78DA00CF6027 /* tabRiskZones03@2x.png */ = {isa = PBXFileReference; lastKnownFileType = image.png; path = "tabRiskZones03@2x.png"; sourceTree = "<group>"; };
		D173011B19CC8B1700CF6027 /* 1_Man.png */ = {isa = PBXFileReference; lastKnownFileType = image.png; path = 1_Man.png; sourceTree = "<group>"; };
		D173011C19CC8B1700CF6027 /* 2_Woman.png */ = {isa = PBXFileReference; lastKnownFileType = image.png; path = 2_Woman.png; sourceTree = "<group>"; };
		D173011D19CC8B1700CF6027 /* 3_Kid.png */ = {isa = PBXFileReference; lastKnownFileType = image.png; path = 3_Kid.png; sourceTree = "<group>"; };
		D173011E19CC8B1700CF6027 /* 4_Pregnant.png */ = {isa = PBXFileReference; lastKnownFileType = image.png; path = 4_Pregnant.png; sourceTree = "<group>"; };
		D173011F19CC8B1700CF6027 /* 5_Handicap.png */ = {isa = PBXFileReference; lastKnownFileType = image.png; path = 5_Handicap.png; sourceTree = "<group>"; };
		D173012519CC8FDD00CF6027 /* imgWarning01.png */ = {isa = PBXFileReference; lastKnownFileType = image.png; path = imgWarning01.png; sourceTree = "<group>"; };
		D173012719CCB50C00CF6027 /* icon__squarewhite120x120.png */ = {isa = PBXFileReference; lastKnownFileType = image.png; path = icon__squarewhite120x120.png; sourceTree = "<group>"; };
		D173012819CCB50C00CF6027 /* icon__squarewhite180x180.png */ = {isa = PBXFileReference; lastKnownFileType = image.png; path = icon__squarewhite180x180.png; sourceTree = "<group>"; };
		D173012D19CCC7C500CF6027 /* icon__squarewhite40x40.png */ = {isa = PBXFileReference; lastKnownFileType = image.png; path = icon__squarewhite40x40.png; sourceTree = "<group>"; };
		D173012E19CCC7C500CF6027 /* icon__squarewhite48x48.png */ = {isa = PBXFileReference; lastKnownFileType = image.png; path = icon__squarewhite48x48.png; sourceTree = "<group>"; };
		D173012F19CCC7C500CF6027 /* icon__squarewhite58x58.png */ = {isa = PBXFileReference; lastKnownFileType = image.png; path = icon__squarewhite58x58.png; sourceTree = "<group>"; };
		D173013019CCC7C500CF6027 /* icon__squarewhite60x60.png */ = {isa = PBXFileReference; lastKnownFileType = image.png; path = icon__squarewhite60x60.png; sourceTree = "<group>"; };
		D173013119CCC7C500CF6027 /* icon__squarewhite72x72.png */ = {isa = PBXFileReference; lastKnownFileType = image.png; path = icon__squarewhite72x72.png; sourceTree = "<group>"; };
		D173013219CCC7C500CF6027 /* icon__squarewhite76x76.png */ = {isa = PBXFileReference; lastKnownFileType = image.png; path = icon__squarewhite76x76.png; sourceTree = "<group>"; };
		D173013319CCC7C500CF6027 /* icon__squarewhite80x80.png */ = {isa = PBXFileReference; lastKnownFileType = image.png; path = icon__squarewhite80x80.png; sourceTree = "<group>"; };
		D173013419CCC7C500CF6027 /* icon__squarewhite87x87.png */ = {isa = PBXFileReference; lastKnownFileType = image.png; path = icon__squarewhite87x87.png; sourceTree = "<group>"; };
		D173013519CCC7C500CF6027 /* icon__squarewhite96x96.png */ = {isa = PBXFileReference; lastKnownFileType = image.png; path = icon__squarewhite96x96.png; sourceTree = "<group>"; };
		D173013F19CCC81E00CF6027 /* icon__squarewhite29x29.png */ = {isa = PBXFileReference; lastKnownFileType = image.png; path = icon__squarewhite29x29.png; sourceTree = "<group>"; };
		D173014119CCD37000CF6027 /* GoogleMaps.framework */ = {isa = PBXFileReference; lastKnownFileType = wrapper.framework; name = GoogleMaps.framework; path = AlertaMX/GoogleMaps/GoogleMaps.framework; sourceTree = "<group>"; };
		D173014319CCD39300CF6027 /* AVFoundation.framework */ = {isa = PBXFileReference; lastKnownFileType = wrapper.framework; name = AVFoundation.framework; path = System/Library/Frameworks/AVFoundation.framework; sourceTree = SDKROOT; };
		D173014519CCD39E00CF6027 /* CoreData.framework */ = {isa = PBXFileReference; lastKnownFileType = wrapper.framework; name = CoreData.framework; path = System/Library/Frameworks/CoreData.framework; sourceTree = SDKROOT; };
		D173014719CCD3B300CF6027 /* GLKit.framework */ = {isa = PBXFileReference; lastKnownFileType = wrapper.framework; name = GLKit.framework; path = System/Library/Frameworks/GLKit.framework; sourceTree = SDKROOT; };
		D173014919CCD3D000CF6027 /* libc++.dylib */ = {isa = PBXFileReference; lastKnownFileType = "compiled.mach-o.dylib"; name = "libc++.dylib"; path = "usr/lib/libc++.dylib"; sourceTree = SDKROOT; };
		D173014B19CCD3E300CF6027 /* libicucore.dylib */ = {isa = PBXFileReference; lastKnownFileType = "compiled.mach-o.dylib"; name = libicucore.dylib; path = usr/lib/libicucore.dylib; sourceTree = SDKROOT; };
		D173014D19CCD3FE00CF6027 /* OpenGLES.framework */ = {isa = PBXFileReference; lastKnownFileType = wrapper.framework; name = OpenGLES.framework; path = System/Library/Frameworks/OpenGLES.framework; sourceTree = SDKROOT; };
		D173014F19CCD41300CF6027 /* SystemConfiguration.framework */ = {isa = PBXFileReference; lastKnownFileType = wrapper.framework; name = SystemConfiguration.framework; path = System/Library/Frameworks/SystemConfiguration.framework; sourceTree = SDKROOT; };
		D173015119CCE09B00CF6027 /* AlertDetails.h */ = {isa = PBXFileReference; fileEncoding = 4; lastKnownFileType = sourcecode.c.h; path = AlertDetails.h; sourceTree = "<group>"; };
		D173015219CCE09B00CF6027 /* AlertDetails.m */ = {isa = PBXFileReference; fileEncoding = 4; lastKnownFileType = sourcecode.c.objc; path = AlertDetails.m; sourceTree = "<group>"; };
		D173015419CCE37C00CF6027 /* tabRiskZone04@2x.png */ = {isa = PBXFileReference; lastKnownFileType = image.png; path = "tabRiskZone04@2x.png"; sourceTree = "<group>"; };
		D173015619CCF86C00CF6027 /* tabFamily02@2x.png */ = {isa = PBXFileReference; lastKnownFileType = image.png; path = "tabFamily02@2x.png"; sourceTree = "<group>"; };
		D173015819CCF91B00CF6027 /* tabFamily03@2x.png */ = {isa = PBXFileReference; lastKnownFileType = image.png; path = "tabFamily03@2x.png"; sourceTree = "<group>"; };
		D173015A19CCF9BD00CF6027 /* icon__512x512.png */ = {isa = PBXFileReference; lastKnownFileType = image.png; path = icon__512x512.png; sourceTree = "<group>"; };
		D173015C19CCFD6300CF6027 /* tabTips01@2x.png */ = {isa = PBXFileReference; lastKnownFileType = image.png; path = "tabTips01@2x.png"; sourceTree = "<group>"; };
		D173015E19CCFE1100CF6027 /* tabTips02@2x.png */ = {isa = PBXFileReference; lastKnownFileType = image.png; path = "tabTips02@2x.png"; sourceTree = "<group>"; };
		D17C9B9C19D0FBC200F9AEBA /* license.txt */ = {isa = PBXFileReference; fileEncoding = 4; lastKnownFileType = text; path = license.txt; sourceTree = "<group>"; };
		D17C9B9E19D1127000F9AEBA /* README.md */ = {isa = PBXFileReference; fileEncoding = 4; lastKnownFileType = net.daringfireball.markdown; name = README.md; path = AlertaMX/README.md; sourceTree = "<group>"; };
		D17C9B9F19D1127000F9AEBA /* LICENSE */ = {isa = PBXFileReference; fileEncoding = 4; lastKnownFileType = text; name = LICENSE; path = AlertaMX/LICENSE; sourceTree = "<group>"; };
		D18CB2A919B9056500BEF0EF /* AlertaMX.app */ = {isa = PBXFileReference; explicitFileType = wrapper.application; includeInIndex = 0; path = AlertaMX.app; sourceTree = BUILT_PRODUCTS_DIR; };
		D18CB2AC19B9056500BEF0EF /* Foundation.framework */ = {isa = PBXFileReference; lastKnownFileType = wrapper.framework; name = Foundation.framework; path = System/Library/Frameworks/Foundation.framework; sourceTree = SDKROOT; };
		D18CB2AE19B9056500BEF0EF /* CoreGraphics.framework */ = {isa = PBXFileReference; lastKnownFileType = wrapper.framework; name = CoreGraphics.framework; path = System/Library/Frameworks/CoreGraphics.framework; sourceTree = SDKROOT; };
		D18CB2B019B9056500BEF0EF /* UIKit.framework */ = {isa = PBXFileReference; lastKnownFileType = wrapper.framework; name = UIKit.framework; path = System/Library/Frameworks/UIKit.framework; sourceTree = SDKROOT; };
		D18CB2B419B9056500BEF0EF /* AlertaMX-Info.plist */ = {isa = PBXFileReference; lastKnownFileType = text.plist.xml; path = "AlertaMX-Info.plist"; sourceTree = "<group>"; };
		D18CB2B619B9056500BEF0EF /* en */ = {isa = PBXFileReference; lastKnownFileType = text.plist.strings; name = en; path = en.lproj/InfoPlist.strings; sourceTree = "<group>"; };
		D18CB2B819B9056500BEF0EF /* main.m */ = {isa = PBXFileReference; lastKnownFileType = sourcecode.c.objc; path = main.m; sourceTree = "<group>"; };
		D18CB2BA19B9056500BEF0EF /* AlertaMX-Prefix.pch */ = {isa = PBXFileReference; lastKnownFileType = sourcecode.c.h; path = "AlertaMX-Prefix.pch"; sourceTree = "<group>"; };
		D18CB2BB19B9056500BEF0EF /* AppDelegate.h */ = {isa = PBXFileReference; lastKnownFileType = sourcecode.c.h; path = AppDelegate.h; sourceTree = "<group>"; };
		D18CB2BC19B9056500BEF0EF /* AppDelegate.m */ = {isa = PBXFileReference; lastKnownFileType = sourcecode.c.objc; path = AppDelegate.m; sourceTree = "<group>"; };
		D18CB2BF19B9056500BEF0EF /* Base */ = {isa = PBXFileReference; lastKnownFileType = file.storyboard; name = Base; path = Base.lproj/iPhone.storyboard; sourceTree = "<group>"; };
		D18CB2C219B9056500BEF0EF /* Base */ = {isa = PBXFileReference; lastKnownFileType = file.storyboard; name = Base; path = Base.lproj/iPad.storyboard; sourceTree = "<group>"; };
		D18CB2C419B9056500BEF0EF /* Welcome.h */ = {isa = PBXFileReference; lastKnownFileType = sourcecode.c.h; path = Welcome.h; sourceTree = "<group>"; };
		D18CB2C519B9056500BEF0EF /* Welcome.m */ = {isa = PBXFileReference; lastKnownFileType = sourcecode.c.objc; path = Welcome.m; sourceTree = "<group>"; };
		D18CB2C719B9056500BEF0EF /* Images.xcassets */ = {isa = PBXFileReference; lastKnownFileType = folder.assetcatalog; path = Images.xcassets; sourceTree = "<group>"; };
		D18CB2CD19B9056500BEF0EF /* AlertaMXTests.xctest */ = {isa = PBXFileReference; explicitFileType = wrapper.cfbundle; includeInIndex = 0; path = AlertaMXTests.xctest; sourceTree = BUILT_PRODUCTS_DIR; };
		D18CB2CE19B9056500BEF0EF /* XCTest.framework */ = {isa = PBXFileReference; lastKnownFileType = wrapper.framework; name = XCTest.framework; path = Library/Frameworks/XCTest.framework; sourceTree = DEVELOPER_DIR; };
		D18CB2D619B9056500BEF0EF /* AlertaMXTests-Info.plist */ = {isa = PBXFileReference; lastKnownFileType = text.plist.xml; path = "AlertaMXTests-Info.plist"; sourceTree = "<group>"; };
		D18CB2D819B9056500BEF0EF /* en */ = {isa = PBXFileReference; lastKnownFileType = text.plist.strings; name = en; path = en.lproj/InfoPlist.strings; sourceTree = "<group>"; };
		D18CB2DA19B9056500BEF0EF /* AlertaMXTests.m */ = {isa = PBXFileReference; lastKnownFileType = sourcecode.c.objc; path = AlertaMXTests.m; sourceTree = "<group>"; };
		D18CB2E519B90AAA00BEF0EF /* MediaPlayer.framework */ = {isa = PBXFileReference; lastKnownFileType = wrapper.framework; name = MediaPlayer.framework; path = System/Library/Frameworks/MediaPlayer.framework; sourceTree = SDKROOT; };
		D18CB2E919B90C9E00BEF0EF /* rain01.mp4 */ = {isa = PBXFileReference; lastKnownFileType = file; path = rain01.mp4; sourceTree = "<group>"; };
		D18CB2ED19B911DA00BEF0EF /* gifRain01.gif */ = {isa = PBXFileReference; lastKnownFileType = image.gif; path = gifRain01.gif; sourceTree = "<group>"; };
		D18CB2F119B9139A00BEF0EF /* UIImage+animatedGIF.h */ = {isa = PBXFileReference; fileEncoding = 4; lastKnownFileType = sourcecode.c.h; path = "UIImage+animatedGIF.h"; sourceTree = "<group>"; };
		D18CB2F219B9139A00BEF0EF /* UIImage+animatedGIF.m */ = {isa = PBXFileReference; fileEncoding = 4; lastKnownFileType = sourcecode.c.objc; path = "UIImage+animatedGIF.m"; sourceTree = "<group>"; };
		D18CB2F419B9269700BEF0EF /* ImageIO.framework */ = {isa = PBXFileReference; lastKnownFileType = wrapper.framework; name = ImageIO.framework; path = System/Library/Frameworks/ImageIO.framework; sourceTree = SDKROOT; };
		D18CB2F719BA23DB00BEF0EF /* OpenSans-Bold.ttf */ = {isa = PBXFileReference; lastKnownFileType = file; path = "OpenSans-Bold.ttf"; sourceTree = "<group>"; };
		D18CB2F819BA23DB00BEF0EF /* OpenSans-Light.ttf */ = {isa = PBXFileReference; lastKnownFileType = file; path = "OpenSans-Light.ttf"; sourceTree = "<group>"; };
		D18CB2F919BA23DB00BEF0EF /* OpenSans-Regular.ttf */ = {isa = PBXFileReference; lastKnownFileType = file; path = "OpenSans-Regular.ttf"; sourceTree = "<group>"; };
		D18CB2FA19BA23DB00BEF0EF /* OpenSans-Semibold.ttf */ = {isa = PBXFileReference; lastKnownFileType = file; path = "OpenSans-Semibold.ttf"; sourceTree = "<group>"; };
		D18CB2FF19BA299A00BEF0EF /* gifVolcano01.gif */ = {isa = PBXFileReference; lastKnownFileType = image.gif; path = gifVolcano01.gif; sourceTree = "<group>"; };
		D18CB30019BA299A00BEF0EF /* gifTsunami01.gif */ = {isa = PBXFileReference; lastKnownFileType = image.gif; path = gifTsunami01.gif; sourceTree = "<group>"; };
		D18CB30519BA6E9C00BEF0EF /* imgGuadalajara01.jpg */ = {isa = PBXFileReference; lastKnownFileType = image.jpeg; path = imgGuadalajara01.jpg; sourceTree = "<group>"; };
		D18CB30619BA6E9C00BEF0EF /* imgInstructions01.jpg */ = {isa = PBXFileReference; lastKnownFileType = image.jpeg; path = imgInstructions01.jpg; sourceTree = "<group>"; };
		D18CB30719BA6E9C00BEF0EF /* imgRescue01.jpg */ = {isa = PBXFileReference; lastKnownFileType = image.jpeg; path = imgRescue01.jpg; sourceTree = "<group>"; };
		D18CB30819BA6E9C00BEF0EF /* imgRescue02.jpg */ = {isa = PBXFileReference; lastKnownFileType = image.jpeg; path = imgRescue02.jpg; sourceTree = "<group>"; };
		D18CB30D19BA6F5400BEF0EF /* imgFamily01.jpg */ = {isa = PBXFileReference; lastKnownFileType = image.jpeg; path = imgFamily01.jpg; sourceTree = "<group>"; };
		D18CB30F19BA780400BEF0EF /* gifRain02.gif */ = {isa = PBXFileReference; lastKnownFileType = image.gif; path = gifRain02.gif; sourceTree = "<group>"; };
		D18CB31019BA780400BEF0EF /* gifRain03.gif */ = {isa = PBXFileReference; lastKnownFileType = image.gif; path = gifRain03.gif; sourceTree = "<group>"; };
		D18CB31419BA7D0900BEF0EF /* MPAnimation.h */ = {isa = PBXFileReference; fileEncoding = 4; lastKnownFileType = sourcecode.c.h; path = MPAnimation.h; sourceTree = "<group>"; };
		D18CB31519BA7D0900BEF0EF /* MPAnimation.m */ = {isa = PBXFileReference; fileEncoding = 4; lastKnownFileType = sourcecode.c.objc; path = MPAnimation.m; sourceTree = "<group>"; };
		D18CB31619BA7D0900BEF0EF /* MPFlipEnumerations.h */ = {isa = PBXFileReference; fileEncoding = 4; lastKnownFileType = sourcecode.c.h; path = MPFlipEnumerations.h; sourceTree = "<group>"; };
		D18CB31719BA7D0900BEF0EF /* MPFlipTransition.h */ = {isa = PBXFileReference; fileEncoding = 4; lastKnownFileType = sourcecode.c.h; path = MPFlipTransition.h; sourceTree = "<group>"; };
		D18CB31819BA7D0900BEF0EF /* MPFlipTransition.m */ = {isa = PBXFileReference; fileEncoding = 4; lastKnownFileType = sourcecode.c.objc; path = MPFlipTransition.m; sourceTree = "<group>"; };
		D18CB31919BA7D0900BEF0EF /* MPFoldEnumerations.h */ = {isa = PBXFileReference; fileEncoding = 4; lastKnownFileType = sourcecode.c.h; path = MPFoldEnumerations.h; sourceTree = "<group>"; };
		D18CB31A19BA7D0900BEF0EF /* MPFoldTransition.h */ = {isa = PBXFileReference; fileEncoding = 4; lastKnownFileType = sourcecode.c.h; path = MPFoldTransition.h; sourceTree = "<group>"; };
		D18CB31B19BA7D0900BEF0EF /* MPTransition.h */ = {isa = PBXFileReference; fileEncoding = 4; lastKnownFileType = sourcecode.c.h; path = MPTransition.h; sourceTree = "<group>"; };
		D18CB31C19BA7D0900BEF0EF /* MPTransition.m */ = {isa = PBXFileReference; fileEncoding = 4; lastKnownFileType = sourcecode.c.objc; path = MPTransition.m; sourceTree = "<group>"; };
		D18CB31D19BA7D0900BEF0EF /* MPTransitionEnumerations.h */ = {isa = PBXFileReference; fileEncoding = 4; lastKnownFileType = sourcecode.c.h; path = MPTransitionEnumerations.h; sourceTree = "<group>"; };
		D18CB32119BA7D9E00BEF0EF /* QuartzCore.framework */ = {isa = PBXFileReference; lastKnownFileType = wrapper.framework; name = QuartzCore.framework; path = System/Library/Frameworks/QuartzCore.framework; sourceTree = SDKROOT; };
		D18CBD4719C9DDFC0039220B /* CoreLocation.framework */ = {isa = PBXFileReference; lastKnownFileType = wrapper.framework; name = CoreLocation.framework; path = System/Library/Frameworks/CoreLocation.framework; sourceTree = SDKROOT; };
		D18CBD4A19CA99D70039220B /* NSObject+SBJson.h */ = {isa = PBXFileReference; fileEncoding = 4; lastKnownFileType = sourcecode.c.h; path = "NSObject+SBJson.h"; sourceTree = "<group>"; };
		D18CBD4B19CA99D70039220B /* NSObject+SBJson.m */ = {isa = PBXFileReference; fileEncoding = 4; lastKnownFileType = sourcecode.c.objc; path = "NSObject+SBJson.m"; sourceTree = "<group>"; };
		D18CBD4C19CA99D70039220B /* SBJson.h */ = {isa = PBXFileReference; fileEncoding = 4; lastKnownFileType = sourcecode.c.h; path = SBJson.h; sourceTree = "<group>"; };
		D18CBD4D19CA99D70039220B /* SBJsonParser.h */ = {isa = PBXFileReference; fileEncoding = 4; lastKnownFileType = sourcecode.c.h; path = SBJsonParser.h; sourceTree = "<group>"; };
		D18CBD4E19CA99D70039220B /* SBJsonParser.m */ = {isa = PBXFileReference; fileEncoding = 4; lastKnownFileType = sourcecode.c.objc; path = SBJsonParser.m; sourceTree = "<group>"; };
		D18CBD4F19CA99D70039220B /* SBJsonStreamParser.h */ = {isa = PBXFileReference; fileEncoding = 4; lastKnownFileType = sourcecode.c.h; path = SBJsonStreamParser.h; sourceTree = "<group>"; };
		D18CBD5019CA99D70039220B /* SBJsonStreamParser.m */ = {isa = PBXFileReference; fileEncoding = 4; lastKnownFileType = sourcecode.c.objc; path = SBJsonStreamParser.m; sourceTree = "<group>"; };
		D18CBD5119CA99D70039220B /* SBJsonStreamParserAccumulator.h */ = {isa = PBXFileReference; fileEncoding = 4; lastKnownFileType = sourcecode.c.h; path = SBJsonStreamParserAccumulator.h; sourceTree = "<group>"; };
		D18CBD5219CA99D70039220B /* SBJsonStreamParserAccumulator.m */ = {isa = PBXFileReference; fileEncoding = 4; lastKnownFileType = sourcecode.c.objc; path = SBJsonStreamParserAccumulator.m; sourceTree = "<group>"; };
		D18CBD5319CA99D70039220B /* SBJsonStreamParserAdapter.h */ = {isa = PBXFileReference; fileEncoding = 4; lastKnownFileType = sourcecode.c.h; path = SBJsonStreamParserAdapter.h; sourceTree = "<group>"; };
		D18CBD5419CA99D70039220B /* SBJsonStreamParserAdapter.m */ = {isa = PBXFileReference; fileEncoding = 4; lastKnownFileType = sourcecode.c.objc; path = SBJsonStreamParserAdapter.m; sourceTree = "<group>"; };
		D18CBD5519CA99D70039220B /* SBJsonStreamParserState.h */ = {isa = PBXFileReference; fileEncoding = 4; lastKnownFileType = sourcecode.c.h; path = SBJsonStreamParserState.h; sourceTree = "<group>"; };
		D18CBD5619CA99D70039220B /* SBJsonStreamParserState.m */ = {isa = PBXFileReference; fileEncoding = 4; lastKnownFileType = sourcecode.c.objc; path = SBJsonStreamParserState.m; sourceTree = "<group>"; };
		D18CBD5719CA99D70039220B /* SBJsonStreamWriter.h */ = {isa = PBXFileReference; fileEncoding = 4; lastKnownFileType = sourcecode.c.h; path = SBJsonStreamWriter.h; sourceTree = "<group>"; };
		D18CBD5819CA99D70039220B /* SBJsonStreamWriter.m */ = {isa = PBXFileReference; fileEncoding = 4; lastKnownFileType = sourcecode.c.objc; path = SBJsonStreamWriter.m; sourceTree = "<group>"; };
		D18CBD5919CA99D70039220B /* SBJsonStreamWriterAccumulator.h */ = {isa = PBXFileReference; fileEncoding = 4; lastKnownFileType = sourcecode.c.h; path = SBJsonStreamWriterAccumulator.h; sourceTree = "<group>"; };
		D18CBD5A19CA99D70039220B /* SBJsonStreamWriterAccumulator.m */ = {isa = PBXFileReference; fileEncoding = 4; lastKnownFileType = sourcecode.c.objc; path = SBJsonStreamWriterAccumulator.m; sourceTree = "<group>"; };
		D18CBD5B19CA99D70039220B /* SBJsonStreamWriterState.h */ = {isa = PBXFileReference; fileEncoding = 4; lastKnownFileType = sourcecode.c.h; path = SBJsonStreamWriterState.h; sourceTree = "<group>"; };
		D18CBD5C19CA99D70039220B /* SBJsonStreamWriterState.m */ = {isa = PBXFileReference; fileEncoding = 4; lastKnownFileType = sourcecode.c.objc; path = SBJsonStreamWriterState.m; sourceTree = "<group>"; };
		D18CBD5D19CA99D70039220B /* SBJsonTokeniser.h */ = {isa = PBXFileReference; fileEncoding = 4; lastKnownFileType = sourcecode.c.h; path = SBJsonTokeniser.h; sourceTree = "<group>"; };
		D18CBD5E19CA99D70039220B /* SBJsonTokeniser.m */ = {isa = PBXFileReference; fileEncoding = 4; lastKnownFileType = sourcecode.c.objc; path = SBJsonTokeniser.m; sourceTree = "<group>"; };
		D18CBD5F19CA99D70039220B /* SBJsonUTF8Stream.h */ = {isa = PBXFileReference; fileEncoding = 4; lastKnownFileType = sourcecode.c.h; path = SBJsonUTF8Stream.h; sourceTree = "<group>"; };
		D18CBD6019CA99D70039220B /* SBJsonUTF8Stream.m */ = {isa = PBXFileReference; fileEncoding = 4; lastKnownFileType = sourcecode.c.objc; path = SBJsonUTF8Stream.m; sourceTree = "<group>"; };
		D18CBD6119CA99D70039220B /* SBJsonWriter.h */ = {isa = PBXFileReference; fileEncoding = 4; lastKnownFileType = sourcecode.c.h; path = SBJsonWriter.h; sourceTree = "<group>"; };
		D18CBD6219CA99D70039220B /* SBJsonWriter.m */ = {isa = PBXFileReference; fileEncoding = 4; lastKnownFileType = sourcecode.c.objc; path = SBJsonWriter.m; sourceTree = "<group>"; };
		D18CBD6F19CA9A3B0039220B /* MobileCoreServices.framework */ = {isa = PBXFileReference; lastKnownFileType = wrapper.framework; name = MobileCoreServices.framework; path = System/Library/Frameworks/MobileCoreServices.framework; sourceTree = SDKROOT; };
		D19D588319BCEA7300414C96 /* IntroPages.h */ = {isa = PBXFileReference; fileEncoding = 4; lastKnownFileType = sourcecode.c.h; path = IntroPages.h; sourceTree = "<group>"; };
		D19D588419BCEA7300414C96 /* IntroPages.m */ = {isa = PBXFileReference; fileEncoding = 4; lastKnownFileType = sourcecode.c.objc; path = IntroPages.m; sourceTree = "<group>"; };
		D19D588619BCEC1F00414C96 /* Start.h */ = {isa = PBXFileReference; fileEncoding = 4; lastKnownFileType = sourcecode.c.h; path = Start.h; sourceTree = "<group>"; };
		D19D588719BCEC1F00414C96 /* Start.m */ = {isa = PBXFileReference; fileEncoding = 4; lastKnownFileType = sourcecode.c.objc; path = Start.m; sourceTree = "<group>"; };
		D19D588919BD3E0300414C96 /* CoreText.framework */ = {isa = PBXFileReference; lastKnownFileType = wrapper.framework; name = CoreText.framework; path = System/Library/Frameworks/CoreText.framework; sourceTree = SDKROOT; };
		D19D588B19BD49F000414C96 /* imgLogo02.png */ = {isa = PBXFileReference; lastKnownFileType = image.png; path = imgLogo02.png; sourceTree = "<group>"; };
		D19D588C19BD49F000414C96 /* imgLogo03.png */ = {isa = PBXFileReference; lastKnownFileType = image.png; path = imgLogo03.png; sourceTree = "<group>"; };
		D19D588F19BE47F700414C96 /* Declarations.h */ = {isa = PBXFileReference; fileEncoding = 4; lastKnownFileType = sourcecode.c.h; path = Declarations.h; sourceTree = "<group>"; };
		D19D589019BE47F700414C96 /* Declarations.m */ = {isa = PBXFileReference; fileEncoding = 4; lastKnownFileType = sourcecode.c.objc; path = Declarations.m; sourceTree = "<group>"; };
		D19D589219BE4A5C00414C96 /* imgAlerts01.jpg */ = {isa = PBXFileReference; lastKnownFileType = image.jpeg; path = imgAlerts01.jpg; sourceTree = "<group>"; };
		D19D589319BE4A5C00414C96 /* imgInstructions02.jpg */ = {isa = PBXFileReference; lastKnownFileType = image.jpeg; path = imgInstructions02.jpg; sourceTree = "<group>"; };
		D19D589419BE4A5C00414C96 /* imgRescue03.jpg */ = {isa = PBXFileReference; lastKnownFileType = image.jpeg; path = imgRescue03.jpg; sourceTree = "<group>"; };
		D19D589519BE4A5C00414C96 /* imgRiskZones01.jpg */ = {isa = PBXFileReference; lastKnownFileType = image.jpeg; path = imgRiskZones01.jpg; sourceTree = "<group>"; };
		D19D589A19BF465F00414C96 /* Alerts.h */ = {isa = PBXFileReference; fileEncoding = 4; lastKnownFileType = sourcecode.c.h; path = Alerts.h; sourceTree = "<group>"; };
		D19D589B19BF465F00414C96 /* Alerts.m */ = {isa = PBXFileReference; fileEncoding = 4; lastKnownFileType = sourcecode.c.objc; path = Alerts.m; sourceTree = "<group>"; };
		D19D589D19BF469100414C96 /* TabBar.h */ = {isa = PBXFileReference; fileEncoding = 4; lastKnownFileType = sourcecode.c.h; path = TabBar.h; sourceTree = "<group>"; };
		D19D589E19BF469100414C96 /* TabBar.m */ = {isa = PBXFileReference; fileEncoding = 4; lastKnownFileType = sourcecode.c.objc; path = TabBar.m; sourceTree = "<group>"; };
		D19D58A019BF4DF200414C96 /* RiskZones.h */ = {isa = PBXFileReference; fileEncoding = 4; lastKnownFileType = sourcecode.c.h; path = RiskZones.h; sourceTree = "<group>"; };
		D19D58A119BF4DF200414C96 /* RiskZones.m */ = {isa = PBXFileReference; fileEncoding = 4; lastKnownFileType = sourcecode.c.objc; path = RiskZones.m; sourceTree = "<group>"; };
		D19D58A319BF4E1A00414C96 /* Instructions.h */ = {isa = PBXFileReference; fileEncoding = 4; lastKnownFileType = sourcecode.c.h; path = Instructions.h; sourceTree = "<group>"; };
		D19D58A419BF4E1A00414C96 /* Instructions.m */ = {isa = PBXFileReference; fileEncoding = 4; lastKnownFileType = sourcecode.c.objc; path = Instructions.m; sourceTree = "<group>"; };
		D19D58A619BF4E2900414C96 /* Family.h */ = {isa = PBXFileReference; fileEncoding = 4; lastKnownFileType = sourcecode.c.h; path = Family.h; sourceTree = "<group>"; };
		D19D58A719BF4E2900414C96 /* Family.m */ = {isa = PBXFileReference; fileEncoding = 4; lastKnownFileType = sourcecode.c.objc; path = Family.m; sourceTree = "<group>"; };
		D19D58A919BF4E3E00414C96 /* Help.h */ = {isa = PBXFileReference; fileEncoding = 4; lastKnownFileType = sourcecode.c.h; path = Help.h; sourceTree = "<group>"; };
		D19D58AA19BF4E3E00414C96 /* Help.m */ = {isa = PBXFileReference; fileEncoding = 4; lastKnownFileType = sourcecode.c.objc; path = Help.m; sourceTree = "<group>"; };
		D19D58AC19BF671D00414C96 /* imgMenu01.png */ = {isa = PBXFileReference; lastKnownFileType = image.png; path = imgMenu01.png; sourceTree = "<group>"; };
		D19D58AE19BF6CEC00414C96 /* imgMenu02.png */ = {isa = PBXFileReference; lastKnownFileType = image.png; path = imgMenu02.png; sourceTree = "<group>"; };
		D19D58B219BF742300414C96 /* TBXML+Compression.m */ = {isa = PBXFileReference; fileEncoding = 4; lastKnownFileType = sourcecode.c.objc; path = "TBXML+Compression.m"; sourceTree = "<group>"; };
		D19D58B319BF742300414C96 /* TBXML+HTTP.m */ = {isa = PBXFileReference; fileEncoding = 4; lastKnownFileType = sourcecode.c.objc; path = "TBXML+HTTP.m"; sourceTree = "<group>"; };
		D19D58B419BF742300414C96 /* TBXML.m */ = {isa = PBXFileReference; fileEncoding = 4; lastKnownFileType = sourcecode.c.objc; path = TBXML.m; sourceTree = "<group>"; };
		D19D58B619BF742300414C96 /* TBXML+Compression.h */ = {isa = PBXFileReference; fileEncoding = 4; lastKnownFileType = sourcecode.c.h; path = "TBXML+Compression.h"; sourceTree = "<group>"; };
		D19D58B719BF742300414C96 /* TBXML+HTTP.h */ = {isa = PBXFileReference; fileEncoding = 4; lastKnownFileType = sourcecode.c.h; path = "TBXML+HTTP.h"; sourceTree = "<group>"; };
		D19D58B819BF742300414C96 /* TBXML.h */ = {isa = PBXFileReference; fileEncoding = 4; lastKnownFileType = sourcecode.c.h; path = TBXML.h; sourceTree = "<group>"; };
		D19D58BC19BF797100414C96 /* libz.dylib */ = {isa = PBXFileReference; lastKnownFileType = "compiled.mach-o.dylib"; name = libz.dylib; path = usr/lib/libz.dylib; sourceTree = SDKROOT; };
		D1B9E53219D087700047590C /* imgSOSicon01.png */ = {isa = PBXFileReference; lastKnownFileType = image.png; path = imgSOSicon01.png; sourceTree = "<group>"; };
		D1B9E53419D08B490047590C /* 1_Ok.png */ = {isa = PBXFileReference; lastKnownFileType = image.png; path = 1_Ok.png; sourceTree = "<group>"; };
		D1B9E53519D08B490047590C /* 2_Trapped.png */ = {isa = PBXFileReference; lastKnownFileType = image.png; path = 2_Trapped.png; sourceTree = "<group>"; };
		D1B9E53619D08B490047590C /* 3_MedicalAid.png */ = {isa = PBXFileReference; lastKnownFileType = image.png; path = 3_MedicalAid.png; sourceTree = "<group>"; };
		D1B9E53A19D0BFE20047590C /* cellFamily.h */ = {isa = PBXFileReference; fileEncoding = 4; lastKnownFileType = sourcecode.c.h; path = cellFamily.h; sourceTree = "<group>"; };
		D1B9E53B19D0BFE20047590C /* cellFamily.m */ = {isa = PBXFileReference; fileEncoding = 4; lastKnownFileType = sourcecode.c.objc; path = cellFamily.m; sourceTree = "<group>"; };
		D1B9E53D19D0D6AE0047590C /* ic_action_new.png */ = {isa = PBXFileReference; lastKnownFileType = image.png; path = ic_action_new.png; sourceTree = "<group>"; };
/* End PBXFileReference section */

/* Begin PBXFrameworksBuildPhase section */
		D18CB2A619B9056500BEF0EF /* Frameworks */ = {
			isa = PBXFrameworksBuildPhase;
			buildActionMask = 2147483647;
			files = (
				D173015019CCD41300CF6027 /* SystemConfiguration.framework in Frameworks */,
				D173014E19CCD3FE00CF6027 /* OpenGLES.framework in Frameworks */,
				D173014C19CCD3E300CF6027 /* libicucore.dylib in Frameworks */,
				D173014A19CCD3D000CF6027 /* libc++.dylib in Frameworks */,
				D18CB2F519B9269700BEF0EF /* ImageIO.framework in Frameworks */,
				D173014819CCD3B300CF6027 /* GLKit.framework in Frameworks */,
				D173014619CCD39E00CF6027 /* CoreData.framework in Frameworks */,
				D173014419CCD39300CF6027 /* AVFoundation.framework in Frameworks */,
				D173014219CCD37100CF6027 /* GoogleMaps.framework in Frameworks */,
				D194639F19CAB78C008EA90E /* Pushwoosh.framework in Frameworks */,
				D18CBD7019CA9A3B0039220B /* MobileCoreServices.framework in Frameworks */,
				D18CBD4819C9DDFC0039220B /* CoreLocation.framework in Frameworks */,
				D103B2E519C90C080019AE0C /* StoreKit.framework in Frameworks */,
				D103B2E319C90BFC0019AE0C /* Security.framework in Frameworks */,
				D19D58BD19BF797100414C96 /* libz.dylib in Frameworks */,
				D19D588A19BD3E0300414C96 /* CoreText.framework in Frameworks */,
				D18CB32219BA7D9E00BEF0EF /* QuartzCore.framework in Frameworks */,
				D18CB2E619B90AAA00BEF0EF /* MediaPlayer.framework in Frameworks */,
				D18CB2AF19B9056500BEF0EF /* CoreGraphics.framework in Frameworks */,
				D18CB2B119B9056500BEF0EF /* UIKit.framework in Frameworks */,
				D18CB2AD19B9056500BEF0EF /* Foundation.framework in Frameworks */,
			);
			runOnlyForDeploymentPostprocessing = 0;
		};
		D18CB2CA19B9056500BEF0EF /* Frameworks */ = {
			isa = PBXFrameworksBuildPhase;
			buildActionMask = 2147483647;
			files = (
				D18CB2CF19B9056500BEF0EF /* XCTest.framework in Frameworks */,
				D18CB2D119B9056500BEF0EF /* UIKit.framework in Frameworks */,
				D18CB2D019B9056500BEF0EF /* Foundation.framework in Frameworks */,
			);
			runOnlyForDeploymentPostprocessing = 0;
		};
/* End PBXFrameworksBuildPhase section */

/* Begin PBXGroup section */
		D14F386819CAA22A0058118C /* pushwoosh-ios-sdk-master */ = {
			isa = PBXGroup;
			children = (
				D14F386919CAA22A0058118C /* Documentation */,
				D14F387D19CAA22A0058118C /* Framework */,
				D14F387F19CAA22A0058118C /* LICENSE */,
				D14F388019CAA22A0058118C /* README.md */,
				D14F388119CAA22A0058118C /* VERSION.md */,
			);
			name = "pushwoosh-ios-sdk-master";
			path = "AlertaMX/pushwoosh-ios-sdk-master";
			sourceTree = "<group>";
		};
		D14F386919CAA22A0058118C /* Documentation */ = {
			isa = PBXGroup;
			children = (
				D14F386A19CAA22A0058118C /* Classes */,
				D14F386D19CAA22A0058118C /* Constants */,
				D14F387019CAA22A0058118C /* css */,
				D14F387319CAA22A0058118C /* hierarchy.html */,
				D14F387419CAA22A0058118C /* img */,
				D14F387A19CAA22A0058118C /* index.html */,
				D14F387B19CAA22A0058118C /* Protocols */,
			);
			path = Documentation;
			sourceTree = "<group>";
		};
		D14F386A19CAA22A0058118C /* Classes */ = {
			isa = PBXGroup;
			children = (
				D14F386B19CAA22A0058118C /* PushNotificationManager.html */,
				D14F386C19CAA22A0058118C /* PWTags.html */,
			);
			path = Classes;
			sourceTree = "<group>";
		};
		D14F386D19CAA22A0058118C /* Constants */ = {
			isa = PBXGroup;
			children = (
				D14F386E19CAA22A0058118C /* PWBeaconAction.html */,
				D14F386F19CAA22A0058118C /* PWSupportedOrientations.html */,
			);
			path = Constants;
			sourceTree = "<group>";
		};
		D14F387019CAA22A0058118C /* css */ = {
			isa = PBXGroup;
			children = (
				D14F387119CAA22A0058118C /* styles.css */,
				D14F387219CAA22A0058118C /* stylesPrint.css */,
			);
			path = css;
			sourceTree = "<group>";
		};
		D14F387419CAA22A0058118C /* img */ = {
			isa = PBXGroup;
			children = (
				D14F387519CAA22A0058118C /* button_bar_background.png */,
				D14F387619CAA22A0058118C /* disclosure.png */,
				D14F387719CAA22A0058118C /* disclosure_open.png */,
				D14F387819CAA22A0058118C /* library_background.png */,
				D14F387919CAA22A0058118C /* title_background.png */,
			);
			path = img;
			sourceTree = "<group>";
		};
		D14F387B19CAA22A0058118C /* Protocols */ = {
			isa = PBXGroup;
			children = (
				D14F387C19CAA22A0058118C /* PushNotificationDelegate.html */,
			);
			path = Protocols;
			sourceTree = "<group>";
		};
		D14F387D19CAA22A0058118C /* Framework */ = {
			isa = PBXGroup;
			children = (
				D14F387E19CAA22A0058118C /* Pushwoosh.framework */,
			);
			path = Framework;
			sourceTree = "<group>";
		};
		D167DCC819C22BAD0064082D /* Customized */ = {
			isa = PBXGroup;
			children = (
				D167DCCB19C241030064082D /* cellAlerts.h */,
				D167DCCC19C241030064082D /* cellAlerts.m */,
				D1B9E53A19D0BFE20047590C /* cellFamily.h */,
				D1B9E53B19D0BFE20047590C /* cellFamily.m */,
			);
			name = Customized;
			sourceTree = "<group>";
		};
		D17300F319CBF1F300CF6027 /* InfiniteScrollPicker */ = {
			isa = PBXGroup;
			children = (
				D17300F419CBF1F300CF6027 /* InfiniteScrollPicker.h */,
				D17300F519CBF1F300CF6027 /* InfiniteScrollPicker.m */,
				D17300F619CBF1F300CF6027 /* UIView+viewController.h */,
				D17300F719CBF1F300CF6027 /* UIView+viewController.m */,
			);
			path = InfiniteScrollPicker;
			sourceTree = "<group>";
		};
		D17300FA19CBF20E00CF6027 /* Set1 */ = {
			isa = PBXGroup;
			children = (
				D173011B19CC8B1700CF6027 /* 1_Man.png */,
				D173011C19CC8B1700CF6027 /* 2_Woman.png */,
				D173011D19CC8B1700CF6027 /* 3_Kid.png */,
				D173011E19CC8B1700CF6027 /* 4_Pregnant.png */,
				D173011F19CC8B1700CF6027 /* 5_Handicap.png */,
				D173010A19CBFD4000CF6027 /* __s1_0.png */,
				D173011119CBFD6B00CF6027 /* __s1_1.png */,
				D173010719CBFD4000CF6027 /* __s1_2.png */,
				D173010919CBFD4000CF6027 /* __s1_3.jpg */,
				D173010B19CBFD4000CF6027 /* __s1_4.png */,
				D173010819CBFD4000CF6027 /* disabled01.jpg */,
				D17300FB19CBF20E00CF6027 /* s1_0.png */,
				D17300FC19CBF20E00CF6027 /* s1_1.png */,
				D17300FD19CBF20E00CF6027 /* s1_2.png */,
				D17300FE19CBF20E00CF6027 /* s1_3.png */,
				D17300FF19CBF20E00CF6027 /* s1_4.png */,
				D173010019CBF20E00CF6027 /* s1_5.png */,
			);
			path = Set1;
			sourceTree = "<group>";
		};
		D17C9B9B19D0FBC200F9AEBA /* Licence */ = {
			isa = PBXGroup;
			children = (
				D17C9B9C19D0FBC200F9AEBA /* license.txt */,
			);
			path = Licence;
			sourceTree = "<group>";
		};
		D18CB2A019B9056500BEF0EF = {
			isa = PBXGroup;
			children = (
				D17C9B9E19D1127000F9AEBA /* README.md */,
				D17C9B9F19D1127000F9AEBA /* LICENSE */,
				D18CB2B219B9056500BEF0EF /* AlertaMX */,
				D18CB2D419B9056500BEF0EF /* AlertaMXTests */,
				D18CB2AB19B9056500BEF0EF /* Frameworks */,
				D18CB2AA19B9056500BEF0EF /* Products */,
			);
			sourceTree = "<group>";
		};
		D18CB2AA19B9056500BEF0EF /* Products */ = {
			isa = PBXGroup;
			children = (
				D18CB2A919B9056500BEF0EF /* AlertaMX.app */,
				D18CB2CD19B9056500BEF0EF /* AlertaMXTests.xctest */,
			);
			name = Products;
			sourceTree = "<group>";
		};
		D18CB2AB19B9056500BEF0EF /* Frameworks */ = {
			isa = PBXGroup;
			children = (
				D12620AF19CF370000F15673 /* GoogleMaps.bundle */,
				D173014F19CCD41300CF6027 /* SystemConfiguration.framework */,
				D173014D19CCD3FE00CF6027 /* OpenGLES.framework */,
				D173014B19CCD3E300CF6027 /* libicucore.dylib */,
				D173014919CCD3D000CF6027 /* libc++.dylib */,
				D173014719CCD3B300CF6027 /* GLKit.framework */,
				D173014519CCD39E00CF6027 /* CoreData.framework */,
				D173014319CCD39300CF6027 /* AVFoundation.framework */,
				D173014119CCD37000CF6027 /* GoogleMaps.framework */,
				D14F388719CAA93F0058118C /* CoreMedia.framework */,
				D14F388519CAA93A0058118C /* AudioToolbox.framework */,
				D14F386819CAA22A0058118C /* pushwoosh-ios-sdk-master */,
				D18CBD6F19CA9A3B0039220B /* MobileCoreServices.framework */,
				D18CBD4719C9DDFC0039220B /* CoreLocation.framework */,
				D103B2E419C90C080019AE0C /* StoreKit.framework */,
				D103B2E219C90BFC0019AE0C /* Security.framework */,
				D19D58BC19BF797100414C96 /* libz.dylib */,
				D19D588919BD3E0300414C96 /* CoreText.framework */,
				D18CB32119BA7D9E00BEF0EF /* QuartzCore.framework */,
				D18CB2F419B9269700BEF0EF /* ImageIO.framework */,
				D18CB2E519B90AAA00BEF0EF /* MediaPlayer.framework */,
				D18CB2AC19B9056500BEF0EF /* Foundation.framework */,
				D18CB2AE19B9056500BEF0EF /* CoreGraphics.framework */,
				D18CB2B019B9056500BEF0EF /* UIKit.framework */,
				D18CB2CE19B9056500BEF0EF /* XCTest.framework */,
			);
			name = Frameworks;
			sourceTree = "<group>";
		};
		D18CB2B219B9056500BEF0EF /* AlertaMX */ = {
			isa = PBXGroup;
			children = (
				D17300F319CBF1F300CF6027 /* InfiniteScrollPicker */,
				D18CBD4919CA99D70039220B /* json */,
				D19D58B019BF742300414C96 /* TBMXML */,
				D18CB31319BA7D0900BEF0EF /* FoldTransitions */,
				D18CB2F019B9139A00BEF0EF /* GIFAnimation */,
				D167DCC819C22BAD0064082D /* Customized */,
				D18CB2E419B905D900BEF0EF /* Controllers */,
				D18CB2BB19B9056500BEF0EF /* AppDelegate.h */,
				D18CB2BC19B9056500BEF0EF /* AppDelegate.m */,
				D18CB2BE19B9056500BEF0EF /* iPhone.storyboard */,
				D18CB2C119B9056500BEF0EF /* iPad.storyboard */,
				D18CB2C719B9056500BEF0EF /* Images.xcassets */,
				D18CB2B319B9056500BEF0EF /* Supporting Files */,
			);
			path = AlertaMX;
			sourceTree = "<group>";
		};
		D18CB2B319B9056500BEF0EF /* Supporting Files */ = {
			isa = PBXGroup;
			children = (
				D17C9B9B19D0FBC200F9AEBA /* Licence */,
				D18CB2F619BA23DB00BEF0EF /* Fonts */,
				D18CB2E819B90C9E00BEF0EF /* imgs */,
				D18CB2B419B9056500BEF0EF /* AlertaMX-Info.plist */,
				D18CB2B519B9056500BEF0EF /* InfoPlist.strings */,
				D18CB2B819B9056500BEF0EF /* main.m */,
				D18CB2BA19B9056500BEF0EF /* AlertaMX-Prefix.pch */,
			);
			name = "Supporting Files";
			sourceTree = "<group>";
		};
		D18CB2D419B9056500BEF0EF /* AlertaMXTests */ = {
			isa = PBXGroup;
			children = (
				D18CB2DA19B9056500BEF0EF /* AlertaMXTests.m */,
				D18CB2D519B9056500BEF0EF /* Supporting Files */,
			);
			path = AlertaMXTests;
			sourceTree = "<group>";
		};
		D18CB2D519B9056500BEF0EF /* Supporting Files */ = {
			isa = PBXGroup;
			children = (
				D18CB2D619B9056500BEF0EF /* AlertaMXTests-Info.plist */,
				D18CB2D719B9056500BEF0EF /* InfoPlist.strings */,
			);
			name = "Supporting Files";
			sourceTree = "<group>";
		};
		D18CB2E419B905D900BEF0EF /* Controllers */ = {
			isa = PBXGroup;
			children = (
				D19D588F19BE47F700414C96 /* Declarations.h */,
				D19D589019BE47F700414C96 /* Declarations.m */,
				D19D588619BCEC1F00414C96 /* Start.h */,
				D19D588719BCEC1F00414C96 /* Start.m */,
				D19D588319BCEA7300414C96 /* IntroPages.h */,
				D19D588419BCEA7300414C96 /* IntroPages.m */,
				D18CB2C419B9056500BEF0EF /* Welcome.h */,
				D18CB2C519B9056500BEF0EF /* Welcome.m */,
				D19D589D19BF469100414C96 /* TabBar.h */,
				D19D589E19BF469100414C96 /* TabBar.m */,
				D19D589A19BF465F00414C96 /* Alerts.h */,
				D19D589B19BF465F00414C96 /* Alerts.m */,
				D173015119CCE09B00CF6027 /* AlertDetails.h */,
				D173015219CCE09B00CF6027 /* AlertDetails.m */,
				D19D58A019BF4DF200414C96 /* RiskZones.h */,
				D19D58A119BF4DF200414C96 /* RiskZones.m */,
				D19D58A319BF4E1A00414C96 /* Instructions.h */,
				D19D58A419BF4E1A00414C96 /* Instructions.m */,
				D19D58A619BF4E2900414C96 /* Family.h */,
				D19D58A719BF4E2900414C96 /* Family.m */,
				D19D58A919BF4E3E00414C96 /* Help.h */,
				D19D58AA19BF4E3E00414C96 /* Help.m */,
			);
			name = Controllers;
			sourceTree = "<group>";
		};
		D18CB2E819B90C9E00BEF0EF /* imgs */ = {
			isa = PBXGroup;
			children = (
				D17300FA19CBF20E00CF6027 /* Set1 */,
				D18CB30419BA6E8B00BEF0EF /* img */,
				D18CB30319BA29A700BEF0EF /* gif */,
				D18CB2E919B90C9E00BEF0EF /* rain01.mp4 */,
			);
			path = imgs;
			sourceTree = "<group>";
		};
		D18CB2F019B9139A00BEF0EF /* GIFAnimation */ = {
			isa = PBXGroup;
			children = (
				D18CB2F119B9139A00BEF0EF /* UIImage+animatedGIF.h */,
				D18CB2F219B9139A00BEF0EF /* UIImage+animatedGIF.m */,
			);
			path = GIFAnimation;
			sourceTree = "<group>";
		};
		D18CB2F619BA23DB00BEF0EF /* Fonts */ = {
			isa = PBXGroup;
			children = (
				D18CB2F719BA23DB00BEF0EF /* OpenSans-Bold.ttf */,
				D18CB2F819BA23DB00BEF0EF /* OpenSans-Light.ttf */,
				D18CB2F919BA23DB00BEF0EF /* OpenSans-Regular.ttf */,
				D18CB2FA19BA23DB00BEF0EF /* OpenSans-Semibold.ttf */,
			);
			path = Fonts;
			sourceTree = "<group>";
		};
		D18CB30319BA29A700BEF0EF /* gif */ = {
			isa = PBXGroup;
			children = (
				D18CB30F19BA780400BEF0EF /* gifRain02.gif */,
				D18CB31019BA780400BEF0EF /* gifRain03.gif */,
				D18CB2FF19BA299A00BEF0EF /* gifVolcano01.gif */,
				D18CB30019BA299A00BEF0EF /* gifTsunami01.gif */,
				D18CB2ED19B911DA00BEF0EF /* gifRain01.gif */,
			);
			name = gif;
			sourceTree = "<group>";
		};
		D18CB30419BA6E8B00BEF0EF /* img */ = {
			isa = PBXGroup;
			children = (
				D1B9E53D19D0D6AE0047590C /* ic_action_new.png */,
				D1B9E53419D08B490047590C /* 1_Ok.png */,
				D1B9E53519D08B490047590C /* 2_Trapped.png */,
				D1B9E53619D08B490047590C /* 3_MedicalAid.png */,
				D1B9E53219D087700047590C /* imgSOSicon01.png */,
				D12620AC19CE355D00F15673 /* imgLeftArrow01.png */,
				D12620AA19CE1C4E00F15673 /* LandingImages_Screen1.png */,
				D12620A419CE1C4300F15673 /* LandingImages_Screen4.png */,
				D12620A519CE1C4300F15673 /* LandingImages_Screen3.png */,
				D12620A619CE1C4300F15673 /* LandingImages_Screen2.png */,
				D173015E19CCFE1100CF6027 /* tabTips02@2x.png */,
				D173015C19CCFD6300CF6027 /* tabTips01@2x.png */,
				D173015A19CCF9BD00CF6027 /* icon__512x512.png */,
				D173015819CCF91B00CF6027 /* tabFamily03@2x.png */,
				D173015619CCF86C00CF6027 /* tabFamily02@2x.png */,
				D173015419CCE37C00CF6027 /* tabRiskZone04@2x.png */,
				D173013F19CCC81E00CF6027 /* icon__squarewhite29x29.png */,
				D173012D19CCC7C500CF6027 /* icon__squarewhite40x40.png */,
				D173012E19CCC7C500CF6027 /* icon__squarewhite48x48.png */,
				D173012F19CCC7C500CF6027 /* icon__squarewhite58x58.png */,
				D173013019CCC7C500CF6027 /* icon__squarewhite60x60.png */,
				D173013119CCC7C500CF6027 /* icon__squarewhite72x72.png */,
				D173013219CCC7C500CF6027 /* icon__squarewhite76x76.png */,
				D173013319CCC7C500CF6027 /* icon__squarewhite80x80.png */,
				D173013419CCC7C500CF6027 /* icon__squarewhite87x87.png */,
				D173013519CCC7C500CF6027 /* icon__squarewhite96x96.png */,
				D173012719CCB50C00CF6027 /* icon__squarewhite120x120.png */,
				D173012819CCB50C00CF6027 /* icon__squarewhite180x180.png */,
				D173012519CC8FDD00CF6027 /* imgWarning01.png */,
				D173011919CC78DA00CF6027 /* tabRiskZones03@2x.png */,
				D173011319CC18F500CF6027 /* tabFamily01@2x.png */,
				D173011419CC18F500CF6027 /* tabRiskZones01@2x.png */,
				D173011519CC18F500CF6027 /* tabRiskZones02@2x.png */,
				D103B2DD19C772BC0019AE0C /* tabAlert02@2x.png */,
				D103B2DB19C772710019AE0C /* tabAlert01@2x.png */,
				D103B2D919C744BE0019AE0C /* imgRefresh08.png */,
				D167DCC919C2407C0064082D /* imgStaticmap01.png */,
				D19D58AE19BF6CEC00414C96 /* imgMenu02.png */,
				D19D58AC19BF671D00414C96 /* imgMenu01.png */,
				D19D589219BE4A5C00414C96 /* imgAlerts01.jpg */,
				D19D589319BE4A5C00414C96 /* imgInstructions02.jpg */,
				D19D589419BE4A5C00414C96 /* imgRescue03.jpg */,
				D19D589519BE4A5C00414C96 /* imgRiskZones01.jpg */,
				D19D588B19BD49F000414C96 /* imgLogo02.png */,
				D19D588C19BD49F000414C96 /* imgLogo03.png */,
				D18CB30D19BA6F5400BEF0EF /* imgFamily01.jpg */,
				D18CB30519BA6E9C00BEF0EF /* imgGuadalajara01.jpg */,
				D18CB30619BA6E9C00BEF0EF /* imgInstructions01.jpg */,
				D18CB30719BA6E9C00BEF0EF /* imgRescue01.jpg */,
				D18CB30819BA6E9C00BEF0EF /* imgRescue02.jpg */,
			);
			name = img;
			sourceTree = "<group>";
		};
		D18CB31319BA7D0900BEF0EF /* FoldTransitions */ = {
			isa = PBXGroup;
			children = (
				D18CB31419BA7D0900BEF0EF /* MPAnimation.h */,
				D18CB31519BA7D0900BEF0EF /* MPAnimation.m */,
				D18CB31619BA7D0900BEF0EF /* MPFlipEnumerations.h */,
				D18CB31719BA7D0900BEF0EF /* MPFlipTransition.h */,
				D18CB31819BA7D0900BEF0EF /* MPFlipTransition.m */,
				D18CB31919BA7D0900BEF0EF /* MPFoldEnumerations.h */,
				D18CB31A19BA7D0900BEF0EF /* MPFoldTransition.h */,
				D18CB31B19BA7D0900BEF0EF /* MPTransition.h */,
				D18CB31C19BA7D0900BEF0EF /* MPTransition.m */,
				D18CB31D19BA7D0900BEF0EF /* MPTransitionEnumerations.h */,
			);
			path = FoldTransitions;
			sourceTree = "<group>";
		};
		D18CBD4919CA99D70039220B /* json */ = {
			isa = PBXGroup;
			children = (
				D18CBD4A19CA99D70039220B /* NSObject+SBJson.h */,
				D18CBD4B19CA99D70039220B /* NSObject+SBJson.m */,
				D18CBD4C19CA99D70039220B /* SBJson.h */,
				D18CBD4D19CA99D70039220B /* SBJsonParser.h */,
				D18CBD4E19CA99D70039220B /* SBJsonParser.m */,
				D18CBD4F19CA99D70039220B /* SBJsonStreamParser.h */,
				D18CBD5019CA99D70039220B /* SBJsonStreamParser.m */,
				D18CBD5119CA99D70039220B /* SBJsonStreamParserAccumulator.h */,
				D18CBD5219CA99D70039220B /* SBJsonStreamParserAccumulator.m */,
				D18CBD5319CA99D70039220B /* SBJsonStreamParserAdapter.h */,
				D18CBD5419CA99D70039220B /* SBJsonStreamParserAdapter.m */,
				D18CBD5519CA99D70039220B /* SBJsonStreamParserState.h */,
				D18CBD5619CA99D70039220B /* SBJsonStreamParserState.m */,
				D18CBD5719CA99D70039220B /* SBJsonStreamWriter.h */,
				D18CBD5819CA99D70039220B /* SBJsonStreamWriter.m */,
				D18CBD5919CA99D70039220B /* SBJsonStreamWriterAccumulator.h */,
				D18CBD5A19CA99D70039220B /* SBJsonStreamWriterAccumulator.m */,
				D18CBD5B19CA99D70039220B /* SBJsonStreamWriterState.h */,
				D18CBD5C19CA99D70039220B /* SBJsonStreamWriterState.m */,
				D18CBD5D19CA99D70039220B /* SBJsonTokeniser.h */,
				D18CBD5E19CA99D70039220B /* SBJsonTokeniser.m */,
				D18CBD5F19CA99D70039220B /* SBJsonUTF8Stream.h */,
				D18CBD6019CA99D70039220B /* SBJsonUTF8Stream.m */,
				D18CBD6119CA99D70039220B /* SBJsonWriter.h */,
				D18CBD6219CA99D70039220B /* SBJsonWriter.m */,
			);
			path = json;
			sourceTree = "<group>";
		};
		D19D58B019BF742300414C96 /* TBMXML */ = {
			isa = PBXGroup;
			children = (
				D19D58B119BF742300414C96 /* TBXML-Code */,
				D19D58B519BF742300414C96 /* TBXML-Headers */,
			);
			path = TBMXML;
			sourceTree = "<group>";
		};
		D19D58B119BF742300414C96 /* TBXML-Code */ = {
			isa = PBXGroup;
			children = (
				D19D58B219BF742300414C96 /* TBXML+Compression.m */,
				D19D58B319BF742300414C96 /* TBXML+HTTP.m */,
				D19D58B419BF742300414C96 /* TBXML.m */,
			);
			path = "TBXML-Code";
			sourceTree = "<group>";
		};
		D19D58B519BF742300414C96 /* TBXML-Headers */ = {
			isa = PBXGroup;
			children = (
				D19D58B619BF742300414C96 /* TBXML+Compression.h */,
				D19D58B719BF742300414C96 /* TBXML+HTTP.h */,
				D19D58B819BF742300414C96 /* TBXML.h */,
			);
			path = "TBXML-Headers";
			sourceTree = "<group>";
		};
/* End PBXGroup section */

/* Begin PBXNativeTarget section */
		D18CB2A819B9056500BEF0EF /* AlertaMX */ = {
			isa = PBXNativeTarget;
			buildConfigurationList = D18CB2DE19B9056500BEF0EF /* Build configuration list for PBXNativeTarget "AlertaMX" */;
			buildPhases = (
				D18CB2A519B9056500BEF0EF /* Sources */,
				D18CB2A619B9056500BEF0EF /* Frameworks */,
				D18CB2A719B9056500BEF0EF /* Resources */,
			);
			buildRules = (
			);
			dependencies = (
			);
			name = AlertaMX;
			productName = AlertaMX;
			productReference = D18CB2A919B9056500BEF0EF /* AlertaMX.app */;
			productType = "com.apple.product-type.application";
		};
		D18CB2CC19B9056500BEF0EF /* AlertaMXTests */ = {
			isa = PBXNativeTarget;
			buildConfigurationList = D18CB2E119B9056500BEF0EF /* Build configuration list for PBXNativeTarget "AlertaMXTests" */;
			buildPhases = (
				D18CB2C919B9056500BEF0EF /* Sources */,
				D18CB2CA19B9056500BEF0EF /* Frameworks */,
				D18CB2CB19B9056500BEF0EF /* Resources */,
			);
			buildRules = (
			);
			dependencies = (
				D18CB2D319B9056500BEF0EF /* PBXTargetDependency */,
			);
			name = AlertaMXTests;
			productName = AlertaMXTests;
			productReference = D18CB2CD19B9056500BEF0EF /* AlertaMXTests.xctest */;
			productType = "com.apple.product-type.bundle.unit-test";
		};
/* End PBXNativeTarget section */

/* Begin PBXProject section */
		D18CB2A119B9056500BEF0EF /* Project object */ = {
			isa = PBXProject;
			attributes = {
				LastUpgradeCheck = 0600;
				ORGANIZATIONNAME = Smartplace;
				TargetAttributes = {
					D18CB2A819B9056500BEF0EF = {
						DevelopmentTeam = 3D6T7V58KY;
					};
					D18CB2CC19B9056500BEF0EF = {
						TestTargetID = D18CB2A819B9056500BEF0EF;
					};
				};
			};
			buildConfigurationList = D18CB2A419B9056500BEF0EF /* Build configuration list for PBXProject "AlertaMX" */;
			compatibilityVersion = "Xcode 3.2";
			developmentRegion = English;
			hasScannedForEncodings = 0;
			knownRegions = (
				en,
				Base,
			);
			mainGroup = D18CB2A019B9056500BEF0EF;
			productRefGroup = D18CB2AA19B9056500BEF0EF /* Products */;
			projectDirPath = "";
			projectRoot = "";
			targets = (
				D18CB2A819B9056500BEF0EF /* AlertaMX */,
				D18CB2CC19B9056500BEF0EF /* AlertaMXTests */,
			);
		};
/* End PBXProject section */

/* Begin PBXResourcesBuildPhase section */
		D18CB2A719B9056500BEF0EF /* Resources */ = {
			isa = PBXResourcesBuildPhase;
			buildActionMask = 2147483647;
			files = (
				D12620AE19CF363F00F15673 /* GoogleMaps.framework in Resources */,
				D103B2DE19C772BC0019AE0C /* tabAlert02@2x.png in Resources */,
				D173013719CCC7C500CF6027 /* icon__squarewhite48x48.png in Resources */,
				D12620A919CE1C4300F15673 /* LandingImages_Screen2.png in Resources */,
				D173011619CC18F500CF6027 /* tabFamily01@2x.png in Resources */,
				D18CB30B19BA6E9C00BEF0EF /* imgRescue01.jpg in Resources */,
				D173015719CCF86C00CF6027 /* tabFamily02@2x.png in Resources */,
				D173015519CCE37C00CF6027 /* tabRiskZone04@2x.png in Resources */,
				D173013B19CCC7C500CF6027 /* icon__squarewhite76x76.png in Resources */,
				D173010519CBF20E00CF6027 /* s1_4.png in Resources */,
				D173010219CBF20E00CF6027 /* s1_1.png in Resources */,
				D18CB2FD19BA23DB00BEF0EF /* OpenSans-Regular.ttf in Resources */,
				D1B9E53919D08B490047590C /* 3_MedicalAid.png in Resources */,
				D18CB30119BA299A00BEF0EF /* gifVolcano01.gif in Resources */,
				D18CB2FE19BA23DB00BEF0EF /* OpenSans-Semibold.ttf in Resources */,
				D173012019CC8B1700CF6027 /* 1_Man.png in Resources */,
				D173010619CBF20E00CF6027 /* s1_5.png in Resources */,
				D173012919CCB50C00CF6027 /* icon__squarewhite120x120.png in Resources */,
				D18CB30C19BA6E9C00BEF0EF /* imgRescue02.jpg in Resources */,
				D18CB2EA19B90C9E00BEF0EF /* rain01.mp4 in Resources */,
				D103B2DA19C744BE0019AE0C /* imgRefresh08.png in Resources */,
				D12620A719CE1C4300F15673 /* LandingImages_Screen4.png in Resources */,
				D1B9E53E19D0D6AE0047590C /* ic_action_new.png in Resources */,
				D173013619CCC7C500CF6027 /* icon__squarewhite40x40.png in Resources */,
				D17C9B9D19D0FBC200F9AEBA /* license.txt in Resources */,
				D19D58AF19BF6CEC00414C96 /* imgMenu02.png in Resources */,
				D173012219CC8B1700CF6027 /* 3_Kid.png in Resources */,
				D173010319CBF20E00CF6027 /* s1_2.png in Resources */,
				D18CB2EE19B911DA00BEF0EF /* gifRain01.gif in Resources */,
				D1B9E53819D08B490047590C /* 2_Trapped.png in Resources */,
				D18CB2FB19BA23DB00BEF0EF /* OpenSans-Bold.ttf in Resources */,
				D167DCCA19C2407C0064082D /* imgStaticmap01.png in Resources */,
				D173014019CCC81E00CF6027 /* icon__squarewhite29x29.png in Resources */,
				D19D588E19BD49F000414C96 /* imgLogo03.png in Resources */,
				D173011019CBFD4000CF6027 /* __s1_4.png in Resources */,
				D18CB30219BA299A00BEF0EF /* gifTsunami01.gif in Resources */,
				D1B9E53319D087700047590C /* imgSOSicon01.png in Resources */,
				D173010119CBF20E00CF6027 /* s1_0.png in Resources */,
				D18CB2C319B9056500BEF0EF /* iPad.storyboard in Resources */,
				D173012319CC8B1700CF6027 /* 4_Pregnant.png in Resources */,
				D173015F19CCFE1100CF6027 /* tabTips02@2x.png in Resources */,
				D1B9E53719D08B490047590C /* 1_Ok.png in Resources */,
				D173011219CBFD6B00CF6027 /* __s1_1.png in Resources */,
				D173013919CCC7C500CF6027 /* icon__squarewhite60x60.png in Resources */,
				D103B2DC19C772710019AE0C /* tabAlert01@2x.png in Resources */,
				D173013C19CCC7C500CF6027 /* icon__squarewhite80x80.png in Resources */,
				D19D589619BE4A5C00414C96 /* imgAlerts01.jpg in Resources */,
				D173012A19CCB50C00CF6027 /* icon__squarewhite180x180.png in Resources */,
				D173010D19CBFD4000CF6027 /* disabled01.jpg in Resources */,
				D173010E19CBFD4000CF6027 /* __s1_3.jpg in Resources */,
				D173011719CC18F500CF6027 /* tabRiskZones01@2x.png in Resources */,
				D12620B019CF370000F15673 /* GoogleMaps.bundle in Resources */,
				D18CB2C819B9056500BEF0EF /* Images.xcassets in Resources */,
				D12620AD19CE355D00F15673 /* imgLeftArrow01.png in Resources */,
				D18CB31219BA780400BEF0EF /* gifRain03.gif in Resources */,
				D173015D19CCFD6300CF6027 /* tabTips01@2x.png in Resources */,
				D18CB30E19BA6F5400BEF0EF /* imgFamily01.jpg in Resources */,
				D18CB2C019B9056500BEF0EF /* iPhone.storyboard in Resources */,
				D18CB31119BA780400BEF0EF /* gifRain02.gif in Resources */,
				D17C9BA119D1127000F9AEBA /* LICENSE in Resources */,
				D18CB30919BA6E9C00BEF0EF /* imgGuadalajara01.jpg in Resources */,
				D173010419CBF20E00CF6027 /* s1_3.png in Resources */,
				D12620A819CE1C4300F15673 /* LandingImages_Screen3.png in Resources */,
				D19D589719BE4A5C00414C96 /* imgInstructions02.jpg in Resources */,
				D12620AB19CE1C4E00F15673 /* LandingImages_Screen1.png in Resources */,
				D19D588D19BD49F000414C96 /* imgLogo02.png in Resources */,
				D173013D19CCC7C500CF6027 /* icon__squarewhite87x87.png in Resources */,
				D173012119CC8B1700CF6027 /* 2_Woman.png in Resources */,
				D173012619CC8FDD00CF6027 /* imgWarning01.png in Resources */,
				D173013819CCC7C500CF6027 /* icon__squarewhite58x58.png in Resources */,
				D18CB30A19BA6E9C00BEF0EF /* imgInstructions01.jpg in Resources */,
				D19D589819BE4A5C00414C96 /* imgRescue03.jpg in Resources */,
				D173010C19CBFD4000CF6027 /* __s1_2.png in Resources */,
				D173010F19CBFD4000CF6027 /* __s1_0.png in Resources */,
				D173013A19CCC7C500CF6027 /* icon__squarewhite72x72.png in Resources */,
				D173012419CC8B1700CF6027 /* 5_Handicap.png in Resources */,
				D18CB2FC19BA23DB00BEF0EF /* OpenSans-Light.ttf in Resources */,
				D19D589919BE4A5C00414C96 /* imgRiskZones01.jpg in Resources */,
				D18CB2B719B9056500BEF0EF /* InfoPlist.strings in Resources */,
				D173015919CCF91B00CF6027 /* tabFamily03@2x.png in Resources */,
				D173013E19CCC7C500CF6027 /* icon__squarewhite96x96.png in Resources */,
				D19D58AD19BF671D00414C96 /* imgMenu01.png in Resources */,
				D173011A19CC78DA00CF6027 /* tabRiskZones03@2x.png in Resources */,
				D173011819CC18F500CF6027 /* tabRiskZones02@2x.png in Resources */,
				D173015B19CCF9BD00CF6027 /* icon__512x512.png in Resources */,
			);
			runOnlyForDeploymentPostprocessing = 0;
		};
		D18CB2CB19B9056500BEF0EF /* Resources */ = {
			isa = PBXResourcesBuildPhase;
			buildActionMask = 2147483647;
			files = (
				D18CB2D919B9056500BEF0EF /* InfoPlist.strings in Resources */,
			);
			runOnlyForDeploymentPostprocessing = 0;
		};
/* End PBXResourcesBuildPhase section */

/* Begin PBXSourcesBuildPhase section */
		D18CB2A519B9056500BEF0EF /* Sources */ = {
			isa = PBXSourcesBuildPhase;
			buildActionMask = 2147483647;
			files = (
				D18CB31F19BA7D0900BEF0EF /* MPFlipTransition.m in Sources */,
				D18CBD6719CA99D70039220B /* SBJsonStreamParserAdapter.m in Sources */,
				D18CB32019BA7D0900BEF0EF /* MPTransition.m in Sources */,
				D18CBD6619CA99D70039220B /* SBJsonStreamParserAccumulator.m in Sources */,
				D167DCCD19C241030064082D /* cellAlerts.m in Sources */,
				D19D58A519BF4E1A00414C96 /* Instructions.m in Sources */,
				D19D588819BCEC1F00414C96 /* Start.m in Sources */,
				D17300F919CBF1F300CF6027 /* UIView+viewController.m in Sources */,
				D19D589F19BF469100414C96 /* TabBar.m in Sources */,
				D19D589C19BF465F00414C96 /* Alerts.m in Sources */,
				D18CBD6519CA99D70039220B /* SBJsonStreamParser.m in Sources */,
				D17300F819CBF1F300CF6027 /* InfiniteScrollPicker.m in Sources */,
				D18CBD6A19CA99D70039220B /* SBJsonStreamWriterAccumulator.m in Sources */,
				D18CBD6C19CA99D70039220B /* SBJsonTokeniser.m in Sources */,
				D18CBD6919CA99D70039220B /* SBJsonStreamWriter.m in Sources */,
				D19D58BB19BF742300414C96 /* TBXML.m in Sources */,
				D18CB2C619B9056500BEF0EF /* Welcome.m in Sources */,
				D173015319CCE09B00CF6027 /* AlertDetails.m in Sources */,
				D19D58A819BF4E2900414C96 /* Family.m in Sources */,
				D19D589119BE47F700414C96 /* Declarations.m in Sources */,
				D18CBD6B19CA99D70039220B /* SBJsonStreamWriterState.m in Sources */,
				D19D588519BCEA7300414C96 /* IntroPages.m in Sources */,
				D18CBD6819CA99D70039220B /* SBJsonStreamParserState.m in Sources */,
				D19D58B919BF742300414C96 /* TBXML+Compression.m in Sources */,
				D18CBD6E19CA99D70039220B /* SBJsonWriter.m in Sources */,
				D18CBD6319CA99D70039220B /* NSObject+SBJson.m in Sources */,
				D19D58BA19BF742300414C96 /* TBXML+HTTP.m in Sources */,
				D18CBD6419CA99D70039220B /* SBJsonParser.m in Sources */,
				D19D58AB19BF4E3E00414C96 /* Help.m in Sources */,
				D17C9BA019D1127000F9AEBA /* README.md in Sources */,
				D19D58A219BF4DF200414C96 /* RiskZones.m in Sources */,
				D18CBD6D19CA99D70039220B /* SBJsonUTF8Stream.m in Sources */,
				D18CB31E19BA7D0900BEF0EF /* MPAnimation.m in Sources */,
				D18CB2F319B9139A00BEF0EF /* UIImage+animatedGIF.m in Sources */,
				D1B9E53C19D0BFE20047590C /* cellFamily.m in Sources */,
				D18CB2BD19B9056500BEF0EF /* AppDelegate.m in Sources */,
				D18CB2B919B9056500BEF0EF /* main.m in Sources */,
			);
			runOnlyForDeploymentPostprocessing = 0;
		};
		D18CB2C919B9056500BEF0EF /* Sources */ = {
			isa = PBXSourcesBuildPhase;
			buildActionMask = 2147483647;
			files = (
				D18CB2DB19B9056500BEF0EF /* AlertaMXTests.m in Sources */,
			);
			runOnlyForDeploymentPostprocessing = 0;
		};
/* End PBXSourcesBuildPhase section */

/* Begin PBXTargetDependency section */
		D18CB2D319B9056500BEF0EF /* PBXTargetDependency */ = {
			isa = PBXTargetDependency;
			target = D18CB2A819B9056500BEF0EF /* AlertaMX */;
			targetProxy = D18CB2D219B9056500BEF0EF /* PBXContainerItemProxy */;
		};
/* End PBXTargetDependency section */

/* Begin PBXVariantGroup section */
		D18CB2B519B9056500BEF0EF /* InfoPlist.strings */ = {
			isa = PBXVariantGroup;
			children = (
				D18CB2B619B9056500BEF0EF /* en */,
			);
			name = InfoPlist.strings;
			sourceTree = "<group>";
		};
		D18CB2BE19B9056500BEF0EF /* iPhone.storyboard */ = {
			isa = PBXVariantGroup;
			children = (
				D18CB2BF19B9056500BEF0EF /* Base */,
			);
			name = iPhone.storyboard;
			sourceTree = "<group>";
		};
		D18CB2C119B9056500BEF0EF /* iPad.storyboard */ = {
			isa = PBXVariantGroup;
			children = (
				D18CB2C219B9056500BEF0EF /* Base */,
			);
			name = iPad.storyboard;
			sourceTree = "<group>";
		};
		D18CB2D719B9056500BEF0EF /* InfoPlist.strings */ = {
			isa = PBXVariantGroup;
			children = (
				D18CB2D819B9056500BEF0EF /* en */,
			);
			name = InfoPlist.strings;
			sourceTree = "<group>";
		};
/* End PBXVariantGroup section */

/* Begin XCBuildConfiguration section */
		D18CB2DC19B9056500BEF0EF /* Debug */ = {
			isa = XCBuildConfiguration;
			buildSettings = {
				ALWAYS_SEARCH_USER_PATHS = NO;
				CLANG_CXX_LANGUAGE_STANDARD = "gnu++0x";
				CLANG_CXX_LIBRARY = "libc++";
				CLANG_ENABLE_MODULES = YES;
				CLANG_ENABLE_OBJC_ARC = YES;
				CLANG_WARN_BOOL_CONVERSION = YES;
				CLANG_WARN_CONSTANT_CONVERSION = YES;
				CLANG_WARN_DIRECT_OBJC_ISA_USAGE = YES_ERROR;
				CLANG_WARN_EMPTY_BODY = YES;
				CLANG_WARN_ENUM_CONVERSION = YES;
				CLANG_WARN_INT_CONVERSION = YES;
				CLANG_WARN_OBJC_ROOT_CLASS = YES_ERROR;
				CLANG_WARN__DUPLICATE_METHOD_MATCH = YES;
				"CODE_SIGN_IDENTITY[sdk=iphoneos*]" = "iPhone Developer";
				COPY_PHASE_STRIP = NO;
				GCC_C_LANGUAGE_STANDARD = gnu99;
				GCC_DYNAMIC_NO_PIC = NO;
				GCC_OPTIMIZATION_LEVEL = 0;
				GCC_PREPROCESSOR_DEFINITIONS = (
					"DEBUG=1",
					"$(inherited)",
				);
				GCC_SYMBOLS_PRIVATE_EXTERN = NO;
				GCC_WARN_64_TO_32_BIT_CONVERSION = YES;
				GCC_WARN_ABOUT_RETURN_TYPE = YES_ERROR;
				GCC_WARN_UNDECLARED_SELECTOR = YES;
				GCC_WARN_UNINITIALIZED_AUTOS = YES_AGGRESSIVE;
				GCC_WARN_UNUSED_FUNCTION = YES;
				GCC_WARN_UNUSED_VARIABLE = YES;
				IPHONEOS_DEPLOYMENT_TARGET = 7.1;
				ONLY_ACTIVE_ARCH = YES;
				OTHER_LDFLAGS = "-ObjC";
				SDKROOT = iphoneos;
				TARGETED_DEVICE_FAMILY = "1,2";
			};
			name = Debug;
		};
		D18CB2DD19B9056500BEF0EF /* Release */ = {
			isa = XCBuildConfiguration;
			buildSettings = {
				ALWAYS_SEARCH_USER_PATHS = NO;
				CLANG_CXX_LANGUAGE_STANDARD = "gnu++0x";
				CLANG_CXX_LIBRARY = "libc++";
				CLANG_ENABLE_MODULES = YES;
				CLANG_ENABLE_OBJC_ARC = YES;
				CLANG_WARN_BOOL_CONVERSION = YES;
				CLANG_WARN_CONSTANT_CONVERSION = YES;
				CLANG_WARN_DIRECT_OBJC_ISA_USAGE = YES_ERROR;
				CLANG_WARN_EMPTY_BODY = YES;
				CLANG_WARN_ENUM_CONVERSION = YES;
				CLANG_WARN_INT_CONVERSION = YES;
				CLANG_WARN_OBJC_ROOT_CLASS = YES_ERROR;
				CLANG_WARN__DUPLICATE_METHOD_MATCH = YES;
				"CODE_SIGN_IDENTITY[sdk=iphoneos*]" = "iPhone Developer";
				COPY_PHASE_STRIP = YES;
				ENABLE_NS_ASSERTIONS = NO;
				GCC_C_LANGUAGE_STANDARD = gnu99;
				GCC_WARN_64_TO_32_BIT_CONVERSION = YES;
				GCC_WARN_ABOUT_RETURN_TYPE = YES_ERROR;
				GCC_WARN_UNDECLARED_SELECTOR = YES;
				GCC_WARN_UNINITIALIZED_AUTOS = YES_AGGRESSIVE;
				GCC_WARN_UNUSED_FUNCTION = YES;
				GCC_WARN_UNUSED_VARIABLE = YES;
				IPHONEOS_DEPLOYMENT_TARGET = 7.1;
				OTHER_LDFLAGS = "-ObjC";
				SDKROOT = iphoneos;
				TARGETED_DEVICE_FAMILY = "1,2";
				VALIDATE_PRODUCT = YES;
			};
			name = Release;
		};
		D18CB2DF19B9056500BEF0EF /* Debug */ = {
			isa = XCBuildConfiguration;
			buildSettings = {
				ASSETCATALOG_COMPILER_APPICON_NAME = AppIcon;
				ASSETCATALOG_COMPILER_LAUNCHIMAGE_NAME = LaunchImage;
				CODE_SIGN_IDENTITY = "iPhone Developer";
				"CODE_SIGN_IDENTITY[sdk=iphoneos*]" = "iPhone Developer";
				FRAMEWORK_SEARCH_PATHS = (
					"$(inherited)",
					"$(PROJECT_DIR)/AlertaMX/pushwoosh-ios-sdk-master/Framework",
					"$(PROJECT_DIR)/AlertaMX/GoogleMaps",
				);
				GCC_PRECOMPILE_PREFIX_HEADER = YES;
				GCC_PREFIX_HEADER = "AlertaMX/AlertaMX-Prefix.pch";
				HEADER_SEARCH_PATHS = (
					"$(inherited)",
					/Applications/Xcode.app/Contents/Developer/Toolchains/XcodeDefault.xctoolchain/usr/include,
					"/Users/walter/Projects/AlertaMX/AlertaMX/pushwoosh-ios-sdk-master/Framework/",
				);
				INFOPLIST_FILE = "AlertaMX/AlertaMX-Info.plist";
				IPHONEOS_DEPLOYMENT_TARGET = 7.0;
				ONLY_ACTIVE_ARCH = YES;
				OTHER_LDFLAGS = (
					"$(OTHER_LDFLAGS)",
					"-ObjC",
					"-all_load",
				);
				PRODUCT_NAME = "$(TARGET_NAME)";
				PROVISIONING_PROFILE = "3d3d9dff-a03b-4b6c-9c96-e5385b627b7d";
				VALID_ARCHS = "armv7 armv7s arm64";
				WRAPPER_EXTENSION = app;
			};
			name = Debug;
		};
		D18CB2E019B9056500BEF0EF /* Release */ = {
			isa = XCBuildConfiguration;
			buildSettings = {
				ASSETCATALOG_COMPILER_APPICON_NAME = AppIcon;
				ASSETCATALOG_COMPILER_LAUNCHIMAGE_NAME = LaunchImage;
				CODE_SIGN_IDENTITY = "iPhone Developer";
				"CODE_SIGN_IDENTITY[sdk=iphoneos*]" = "iPhone Developer";
				FRAMEWORK_SEARCH_PATHS = (
					"$(inherited)",
					"$(PROJECT_DIR)/AlertaMX/pushwoosh-ios-sdk-master/Framework",
					"$(PROJECT_DIR)/AlertaMX/GoogleMaps",
				);
				GCC_PRECOMPILE_PREFIX_HEADER = YES;
				GCC_PREFIX_HEADER = "AlertaMX/AlertaMX-Prefix.pch";
				HEADER_SEARCH_PATHS = (
					"$(inherited)",
					/Applications/Xcode.app/Contents/Developer/Toolchains/XcodeDefault.xctoolchain/usr/include,
					"/Users/walter/Projects/AlertaMX/AlertaMX/pushwoosh-ios-sdk-master/Framework/",
				);
				INFOPLIST_FILE = "AlertaMX/AlertaMX-Info.plist";
				IPHONEOS_DEPLOYMENT_TARGET = 7.0;
				ONLY_ACTIVE_ARCH = NO;
				OTHER_LDFLAGS = (
					"$(OTHER_LDFLAGS)",
					"-ObjC",
					"-all_load",
				);
				PRODUCT_NAME = "$(TARGET_NAME)";
				PROVISIONING_PROFILE = "1a120e22-7925-42dc-a6fd-bc7830735f8a";
				VALID_ARCHS = "armv7 armv7s arm64";
				WRAPPER_EXTENSION = app;
			};
			name = Release;
		};
		D18CB2E219B9056500BEF0EF /* Debug */ = {
			isa = XCBuildConfiguration;
			buildSettings = {
				BUNDLE_LOADER = "$(BUILT_PRODUCTS_DIR)/AlertaMX.app/AlertaMX";
				FRAMEWORK_SEARCH_PATHS = (
					"$(SDKROOT)/Developer/Library/Frameworks",
					"$(inherited)",
					"$(DEVELOPER_FRAMEWORKS_DIR)",
				);
				GCC_PRECOMPILE_PREFIX_HEADER = YES;
				GCC_PREFIX_HEADER = "AlertaMX/AlertaMX-Prefix.pch";
				GCC_PREPROCESSOR_DEFINITIONS = (
					"DEBUG=1",
					"$(inherited)",
				);
				INFOPLIST_FILE = "AlertaMXTests/AlertaMXTests-Info.plist";
				PRODUCT_NAME = "$(TARGET_NAME)";
				TEST_HOST = "$(BUNDLE_LOADER)";
				WRAPPER_EXTENSION = xctest;
			};
			name = Debug;
		};
		D18CB2E319B9056500BEF0EF /* Release */ = {
			isa = XCBuildConfiguration;
			buildSettings = {
				BUNDLE_LOADER = "$(BUILT_PRODUCTS_DIR)/AlertaMX.app/AlertaMX";
				FRAMEWORK_SEARCH_PATHS = (
					"$(SDKROOT)/Developer/Library/Frameworks",
					"$(inherited)",
					"$(DEVELOPER_FRAMEWORKS_DIR)",
				);
				GCC_PRECOMPILE_PREFIX_HEADER = YES;
				GCC_PREFIX_HEADER = "AlertaMX/AlertaMX-Prefix.pch";
				INFOPLIST_FILE = "AlertaMXTests/AlertaMXTests-Info.plist";
				PRODUCT_NAME = "$(TARGET_NAME)";
				TEST_HOST = "$(BUNDLE_LOADER)";
				WRAPPER_EXTENSION = xctest;
			};
			name = Release;
		};
/* End XCBuildConfiguration section */

/* Begin XCConfigurationList section */
		D18CB2A419B9056500BEF0EF /* Build configuration list for PBXProject "AlertaMX" */ = {
			isa = XCConfigurationList;
			buildConfigurations = (
				D18CB2DC19B9056500BEF0EF /* Debug */,
				D18CB2DD19B9056500BEF0EF /* Release */,
			);
			defaultConfigurationIsVisible = 0;
			defaultConfigurationName = Release;
		};
		D18CB2DE19B9056500BEF0EF /* Build configuration list for PBXNativeTarget "AlertaMX" */ = {
			isa = XCConfigurationList;
			buildConfigurations = (
				D18CB2DF19B9056500BEF0EF /* Debug */,
				D18CB2E019B9056500BEF0EF /* Release */,
			);
			defaultConfigurationIsVisible = 0;
			defaultConfigurationName = Release;
		};
		D18CB2E119B9056500BEF0EF /* Build configuration list for PBXNativeTarget "AlertaMXTests" */ = {
			isa = XCConfigurationList;
			buildConfigurations = (
				D18CB2E219B9056500BEF0EF /* Debug */,
				D18CB2E319B9056500BEF0EF /* Release */,
			);
			defaultConfigurationIsVisible = 0;
			defaultConfigurationName = Release;
		};
/* End XCConfigurationList section */
	};
	rootObject = D18CB2A119B9056500BEF0EF /* Project object */;
}
